// !$*UTF8*$!
{
	archiveVersion = 1;
	classes = {
	};
	objectVersion = 56;
	objects = {

/* Begin PBXBuildFile section */
		8F8A671A2A39755E00467936 /* MogongApp.swift in Sources */ = {isa = PBXBuildFile; fileRef = 8F8A67192A39755E00467936 /* MogongApp.swift */; };
		8F8A671E2A39756000467936 /* Assets.xcassets in Resources */ = {isa = PBXBuildFile; fileRef = 8F8A671D2A39756000467936 /* Assets.xcassets */; };
		8F8A67212A39756000467936 /* Preview Assets.xcassets in Resources */ = {isa = PBXBuildFile; fileRef = 8F8A67202A39756000467936 /* Preview Assets.xcassets */; };
		8F8A672D2A39762F00467936 /* Study.swift in Sources */ = {isa = PBXBuildFile; fileRef = 8F8A672C2A39762F00467936 /* Study.swift */; };
		8F8A672F2A39763400467936 /* Rank.swift in Sources */ = {isa = PBXBuildFile; fileRef = 8F8A672E2A39763400467936 /* Rank.swift */; };
		8F8A67312A39763800467936 /* User.swift in Sources */ = {isa = PBXBuildFile; fileRef = 8F8A67302A39763800467936 /* User.swift */; };
		8F8A67332A39764300467936 /* HomeView.swift in Sources */ = {isa = PBXBuildFile; fileRef = 8F8A67322A39764300467936 /* HomeView.swift */; };
		8F8A67352A39764D00467936 /* AuthView.swift in Sources */ = {isa = PBXBuildFile; fileRef = 8F8A67342A39764D00467936 /* AuthView.swift */; };
		8F8A67372A39765700467936 /* StudyViewModel.swift in Sources */ = {isa = PBXBuildFile; fileRef = 8F8A67362A39765700467936 /* StudyViewModel.swift */; };
		8F8A67392A39765D00467936 /* RankViewModel.swift in Sources */ = {isa = PBXBuildFile; fileRef = 8F8A67382A39765D00467936 /* RankViewModel.swift */; };
		8F8A673B2A39766300467936 /* UserViewModel.swift in Sources */ = {isa = PBXBuildFile; fileRef = 8F8A673A2A39766300467936 /* UserViewModel.swift */; };
		8F8A673D2A39766B00467936 /* AuthViewModel.swift in Sources */ = {isa = PBXBuildFile; fileRef = 8F8A673C2A39766B00467936 /* AuthViewModel.swift */; };
		8F8A673F2A39767200467936 /* Login.swift in Sources */ = {isa = PBXBuildFile; fileRef = 8F8A673E2A39767200467936 /* Login.swift */; };
		8F8A67412A39767B00467936 /* Date+Conversion.swift in Sources */ = {isa = PBXBuildFile; fileRef = 8F8A67402A39767B00467936 /* Date+Conversion.swift */; };
		8F8A67432A39768700467936 /* UserView.swift in Sources */ = {isa = PBXBuildFile; fileRef = 8F8A67422A39768700467936 /* UserView.swift */; };
		8F8A67452A39773600467936 /* ContentView.swift in Sources */ = {isa = PBXBuildFile; fileRef = 8F8A67442A39773600467936 /* ContentView.swift */; };
		8F8A67472A39792D00467936 /* RankView.swift in Sources */ = {isa = PBXBuildFile; fileRef = 8F8A67462A39792D00467936 /* RankView.swift */; };
		8F8A675F2A3AE30900467936 /* SocialLoginView.swift in Sources */ = {isa = PBXBuildFile; fileRef = 8F8A675E2A3AE30900467936 /* SocialLoginView.swift */; };
		8F8A67632A3B24DF00467936 /* GoogleService-Info.plist in Resources */ = {isa = PBXBuildFile; fileRef = 8F8A67622A3B24DF00467936 /* GoogleService-Info.plist */; };
		8F8A67652A3B2EBB00467936 /* UsernameView.swift in Sources */ = {isa = PBXBuildFile; fileRef = 8F8A67642A3B2EBB00467936 /* UsernameView.swift */; };
		8F8A676A2A42CD5100467936 /* StudyListView.swift in Sources */ = {isa = PBXBuildFile; fileRef = 8F8A67692A42CD5100467936 /* StudyListView.swift */; };
		8F8A676C2A42CD6D00467936 /* MyStudyView.swift in Sources */ = {isa = PBXBuildFile; fileRef = 8F8A676B2A42CD6D00467936 /* MyStudyView.swift */; };
		8F8A676E2A42D16800467936 /* StudyListCell.swift in Sources */ = {isa = PBXBuildFile; fileRef = 8F8A676D2A42D16800467936 /* StudyListCell.swift */; };
		8FD8C1FE2A4BABCD00F21DD1 /* ChatListView.swift in Sources */ = {isa = PBXBuildFile; fileRef = 8FD8C1FD2A4BABCD00F21DD1 /* ChatListView.swift */; };
		8FD8C2002A4BABD300F21DD1 /* ChatView.swift in Sources */ = {isa = PBXBuildFile; fileRef = 8FD8C1FF2A4BABD300F21DD1 /* ChatView.swift */; };
		8FD8C2022A4BAC6400F21DD1 /* Chat.swift in Sources */ = {isa = PBXBuildFile; fileRef = 8FD8C2012A4BAC6400F21DD1 /* Chat.swift */; };
		8FE516902A4868120059D720 /* CreateStudy.swift in Sources */ = {isa = PBXBuildFile; fileRef = 8FE5168F2A4868120059D720 /* CreateStudy.swift */; };
		8FE516932A4913460059D720 /* SelectButton.swift in Sources */ = {isa = PBXBuildFile; fileRef = 8FE516922A4913450059D720 /* SelectButton.swift */; };
		8FE516952A4913700059D720 /* SingleLineTextField.swift in Sources */ = {isa = PBXBuildFile; fileRef = 8FE516942A4913700059D720 /* SingleLineTextField.swift */; };
		8FE516972A49138E0059D720 /* MultiLineTextField.swift in Sources */ = {isa = PBXBuildFile; fileRef = 8FE516962A49138E0059D720 /* MultiLineTextField.swift */; };
		8FE516992A4927D00059D720 /* SelectLanguageView.swift in Sources */ = {isa = PBXBuildFile; fileRef = 8FE516982A4927D00059D720 /* SelectLanguageView.swift */; };
		8FE5169B2A492EAF0059D720 /* Language.swift in Sources */ = {isa = PBXBuildFile; fileRef = 8FE5169A2A492EAF0059D720 /* Language.swift */; };
		8FE5169D2A4965310059D720 /* Application.swift in Sources */ = {isa = PBXBuildFile; fileRef = 8FE5169C2A4965310059D720 /* Application.swift */; };
		8FE5169F2A4965F40059D720 /* ApplicationView.swift in Sources */ = {isa = PBXBuildFile; fileRef = 8FE5169E2A4965F40059D720 /* ApplicationView.swift */; };
		8FE516A12A4969DA0059D720 /* StudyDeatailView.swift in Sources */ = {isa = PBXBuildFile; fileRef = 8FE516A02A4969DA0059D720 /* StudyDeatailView.swift */; };
		8FE516A32A4973280059D720 /* MemberIntroductionView.swift in Sources */ = {isa = PBXBuildFile; fileRef = 8FE516A22A4973280059D720 /* MemberIntroductionView.swift */; };
		8FE516A52A4989030059D720 /* HashtagView.swift in Sources */ = {isa = PBXBuildFile; fileRef = 8FE516A42A4989030059D720 /* HashtagView.swift */; };
		936083925F226246A2A6DD2D /* Pods_Mogong.framework in Frameworks */ = {isa = PBXBuildFile; fileRef = 43543764F7659697C75D1DC0 /* Pods_Mogong.framework */; };
/* End PBXBuildFile section */

/* Begin PBXFileReference section */
		43543764F7659697C75D1DC0 /* Pods_Mogong.framework */ = {isa = PBXFileReference; explicitFileType = wrapper.framework; includeInIndex = 0; path = Pods_Mogong.framework; sourceTree = BUILT_PRODUCTS_DIR; };
		8C495DE2ED845CC16581FE5B /* Pods-Mogong.debug.xcconfig */ = {isa = PBXFileReference; includeInIndex = 1; lastKnownFileType = text.xcconfig; name = "Pods-Mogong.debug.xcconfig"; path = "Target Support Files/Pods-Mogong/Pods-Mogong.debug.xcconfig"; sourceTree = "<group>"; };
		8F8A67162A39755E00467936 /* Mogong.app */ = {isa = PBXFileReference; explicitFileType = wrapper.application; includeInIndex = 0; path = Mogong.app; sourceTree = BUILT_PRODUCTS_DIR; };
		8F8A67192A39755E00467936 /* MogongApp.swift */ = {isa = PBXFileReference; lastKnownFileType = sourcecode.swift; path = MogongApp.swift; sourceTree = "<group>"; };
		8F8A671D2A39756000467936 /* Assets.xcassets */ = {isa = PBXFileReference; lastKnownFileType = folder.assetcatalog; path = Assets.xcassets; sourceTree = "<group>"; };
		8F8A67202A39756000467936 /* Preview Assets.xcassets */ = {isa = PBXFileReference; lastKnownFileType = folder.assetcatalog; path = "Preview Assets.xcassets"; sourceTree = "<group>"; };
		8F8A672C2A39762F00467936 /* Study.swift */ = {isa = PBXFileReference; lastKnownFileType = sourcecode.swift; path = Study.swift; sourceTree = "<group>"; };
		8F8A672E2A39763400467936 /* Rank.swift */ = {isa = PBXFileReference; lastKnownFileType = sourcecode.swift; path = Rank.swift; sourceTree = "<group>"; };
		8F8A67302A39763800467936 /* User.swift */ = {isa = PBXFileReference; lastKnownFileType = sourcecode.swift; path = User.swift; sourceTree = "<group>"; };
		8F8A67322A39764300467936 /* HomeView.swift */ = {isa = PBXFileReference; lastKnownFileType = sourcecode.swift; path = HomeView.swift; sourceTree = "<group>"; };
		8F8A67342A39764D00467936 /* AuthView.swift */ = {isa = PBXFileReference; lastKnownFileType = sourcecode.swift; path = AuthView.swift; sourceTree = "<group>"; };
		8F8A67362A39765700467936 /* StudyViewModel.swift */ = {isa = PBXFileReference; lastKnownFileType = sourcecode.swift; path = StudyViewModel.swift; sourceTree = "<group>"; };
		8F8A67382A39765D00467936 /* RankViewModel.swift */ = {isa = PBXFileReference; lastKnownFileType = sourcecode.swift; path = RankViewModel.swift; sourceTree = "<group>"; };
		8F8A673A2A39766300467936 /* UserViewModel.swift */ = {isa = PBXFileReference; lastKnownFileType = sourcecode.swift; path = UserViewModel.swift; sourceTree = "<group>"; };
		8F8A673C2A39766B00467936 /* AuthViewModel.swift */ = {isa = PBXFileReference; lastKnownFileType = sourcecode.swift; path = AuthViewModel.swift; sourceTree = "<group>"; };
		8F8A673E2A39767200467936 /* Login.swift */ = {isa = PBXFileReference; lastKnownFileType = sourcecode.swift; path = Login.swift; sourceTree = "<group>"; };
		8F8A67402A39767B00467936 /* Date+Conversion.swift */ = {isa = PBXFileReference; lastKnownFileType = sourcecode.swift; path = "Date+Conversion.swift"; sourceTree = "<group>"; };
		8F8A67422A39768700467936 /* UserView.swift */ = {isa = PBXFileReference; lastKnownFileType = sourcecode.swift; path = UserView.swift; sourceTree = "<group>"; };
		8F8A67442A39773600467936 /* ContentView.swift */ = {isa = PBXFileReference; lastKnownFileType = sourcecode.swift; path = ContentView.swift; sourceTree = "<group>"; };
		8F8A67462A39792D00467936 /* RankView.swift */ = {isa = PBXFileReference; lastKnownFileType = sourcecode.swift; path = RankView.swift; sourceTree = "<group>"; };
		8F8A674D2A39D97B00467936 /* Info.plist */ = {isa = PBXFileReference; lastKnownFileType = text.plist; path = Info.plist; sourceTree = "<group>"; };
		8F8A675A2A3ABFA200467936 /* Mogong.entitlements */ = {isa = PBXFileReference; lastKnownFileType = text.plist.entitlements; path = Mogong.entitlements; sourceTree = "<group>"; };
		8F8A675E2A3AE30900467936 /* SocialLoginView.swift */ = {isa = PBXFileReference; lastKnownFileType = sourcecode.swift; path = SocialLoginView.swift; sourceTree = "<group>"; };
		8F8A67622A3B24DF00467936 /* GoogleService-Info.plist */ = {isa = PBXFileReference; fileEncoding = 4; lastKnownFileType = text.plist.xml; path = "GoogleService-Info.plist"; sourceTree = "<group>"; };
		8F8A67642A3B2EBB00467936 /* UsernameView.swift */ = {isa = PBXFileReference; lastKnownFileType = sourcecode.swift; path = UsernameView.swift; sourceTree = "<group>"; };
		8F8A67692A42CD5100467936 /* StudyListView.swift */ = {isa = PBXFileReference; lastKnownFileType = sourcecode.swift; path = StudyListView.swift; sourceTree = "<group>"; };
		8F8A676B2A42CD6D00467936 /* MyStudyView.swift */ = {isa = PBXFileReference; lastKnownFileType = sourcecode.swift; path = MyStudyView.swift; sourceTree = "<group>"; };
		8F8A676D2A42D16800467936 /* StudyListCell.swift */ = {isa = PBXFileReference; lastKnownFileType = sourcecode.swift; path = StudyListCell.swift; sourceTree = "<group>"; };
		8FD8C1FD2A4BABCD00F21DD1 /* ChatListView.swift */ = {isa = PBXFileReference; lastKnownFileType = sourcecode.swift; path = ChatListView.swift; sourceTree = "<group>"; };
		8FD8C1FF2A4BABD300F21DD1 /* ChatView.swift */ = {isa = PBXFileReference; lastKnownFileType = sourcecode.swift; path = ChatView.swift; sourceTree = "<group>"; };
		8FD8C2012A4BAC6400F21DD1 /* Chat.swift */ = {isa = PBXFileReference; lastKnownFileType = sourcecode.swift; path = Chat.swift; sourceTree = "<group>"; };
		8FE5168F2A4868120059D720 /* CreateStudy.swift */ = {isa = PBXFileReference; lastKnownFileType = sourcecode.swift; path = CreateStudy.swift; sourceTree = "<group>"; };
		8FE516922A4913450059D720 /* SelectButton.swift */ = {isa = PBXFileReference; lastKnownFileType = sourcecode.swift; path = SelectButton.swift; sourceTree = "<group>"; };
		8FE516942A4913700059D720 /* SingleLineTextField.swift */ = {isa = PBXFileReference; lastKnownFileType = sourcecode.swift; path = SingleLineTextField.swift; sourceTree = "<group>"; };
		8FE516962A49138E0059D720 /* MultiLineTextField.swift */ = {isa = PBXFileReference; lastKnownFileType = sourcecode.swift; path = MultiLineTextField.swift; sourceTree = "<group>"; };
		8FE516982A4927D00059D720 /* SelectLanguageView.swift */ = {isa = PBXFileReference; lastKnownFileType = sourcecode.swift; path = SelectLanguageView.swift; sourceTree = "<group>"; };
		8FE5169A2A492EAF0059D720 /* Language.swift */ = {isa = PBXFileReference; lastKnownFileType = sourcecode.swift; path = Language.swift; sourceTree = "<group>"; };
		8FE5169C2A4965310059D720 /* Application.swift */ = {isa = PBXFileReference; lastKnownFileType = sourcecode.swift; path = Application.swift; sourceTree = "<group>"; };
		8FE5169E2A4965F40059D720 /* ApplicationView.swift */ = {isa = PBXFileReference; lastKnownFileType = sourcecode.swift; path = ApplicationView.swift; sourceTree = "<group>"; };
		8FE516A02A4969DA0059D720 /* StudyDeatailView.swift */ = {isa = PBXFileReference; lastKnownFileType = sourcecode.swift; path = StudyDeatailView.swift; sourceTree = "<group>"; };
		8FE516A22A4973280059D720 /* MemberIntroductionView.swift */ = {isa = PBXFileReference; lastKnownFileType = sourcecode.swift; path = MemberIntroductionView.swift; sourceTree = "<group>"; };
		8FE516A42A4989030059D720 /* HashtagView.swift */ = {isa = PBXFileReference; lastKnownFileType = sourcecode.swift; path = HashtagView.swift; sourceTree = "<group>"; };
		D667EF6094CA2926C5A20B00 /* Pods-Mogong.release.xcconfig */ = {isa = PBXFileReference; includeInIndex = 1; lastKnownFileType = text.xcconfig; name = "Pods-Mogong.release.xcconfig"; path = "Target Support Files/Pods-Mogong/Pods-Mogong.release.xcconfig"; sourceTree = "<group>"; };
/* End PBXFileReference section */

/* Begin PBXFrameworksBuildPhase section */
		8F8A67132A39755E00467936 /* Frameworks */ = {
			isa = PBXFrameworksBuildPhase;
			buildActionMask = 2147483647;
			files = (
				936083925F226246A2A6DD2D /* Pods_Mogong.framework in Frameworks */,
			);
			runOnlyForDeploymentPostprocessing = 0;
		};
/* End PBXFrameworksBuildPhase section */

/* Begin PBXGroup section */
		8C553550B3D6F9F48E9D5446 /* Frameworks */ = {
			isa = PBXGroup;
			children = (
				43543764F7659697C75D1DC0 /* Pods_Mogong.framework */,
			);
			name = Frameworks;
			sourceTree = "<group>";
		};
		8F8A670D2A39755E00467936 = {
			isa = PBXGroup;
			children = (
				8F8A67182A39755E00467936 /* Mogong */,
				8F8A67172A39755E00467936 /* Products */,
				E87B95DDFFF3746F3B31FFB7 /* Pods */,
				8C553550B3D6F9F48E9D5446 /* Frameworks */,
			);
			sourceTree = "<group>";
		};
		8F8A67172A39755E00467936 /* Products */ = {
			isa = PBXGroup;
			children = (
				8F8A67162A39755E00467936 /* Mogong.app */,
			);
			name = Products;
			sourceTree = "<group>";
		};
		8F8A67182A39755E00467936 /* Mogong */ = {
			isa = PBXGroup;
			children = (
				8F8A675A2A3ABFA200467936 /* Mogong.entitlements */,
				8F8A674D2A39D97B00467936 /* Info.plist */,
				8F8A67622A3B24DF00467936 /* GoogleService-Info.plist */,
				8F8A67192A39755E00467936 /* MogongApp.swift */,
				8F8A67272A3975E400467936 /* Service */,
				8F8A67282A3975E500467936 /* Model */,
				8F8A67292A3975E500467936 /* View */,
				8F8A672B2A3975E600467936 /* ViewModel */,
				8F8A672A2A3975E600467936 /* Utils */,
				8F8A671D2A39756000467936 /* Assets.xcassets */,
				8F8A671F2A39756000467936 /* Preview Content */,
			);
			path = Mogong;
			sourceTree = "<group>";
		};
		8F8A671F2A39756000467936 /* Preview Content */ = {
			isa = PBXGroup;
			children = (
				8F8A67202A39756000467936 /* Preview Assets.xcassets */,
			);
			path = "Preview Content";
			sourceTree = "<group>";
		};
		8F8A67272A3975E400467936 /* Service */ = {
			isa = PBXGroup;
			children = (
			);
			path = Service;
			sourceTree = "<group>";
		};
		8F8A67282A3975E500467936 /* Model */ = {
			isa = PBXGroup;
			children = (
				8F8A673E2A39767200467936 /* Login.swift */,
				8F8A672C2A39762F00467936 /* Study.swift */,
				8F8A672E2A39763400467936 /* Rank.swift */,
				8F8A67302A39763800467936 /* User.swift */,
				8FD8C2012A4BAC6400F21DD1 /* Chat.swift */,
				8FE5169A2A492EAF0059D720 /* Language.swift */,
				8FE5169C2A4965310059D720 /* Application.swift */,
			);
			path = Model;
			sourceTree = "<group>";
		};
		8F8A67292A3975E500467936 /* View */ = {
			isa = PBXGroup;
			children = (
				8F8A675B2A3AE14D00467936 /* Authentication */,
				8F8A67442A39773600467936 /* ContentView.swift */,
				8F8A67322A39764300467936 /* HomeView.swift */,
				8FD8C1FC2A4BABB600F21DD1 /* Chat */,
				8FE5168E2A4868010059D720 /* StudyList */,
				8F8A676B2A42CD6D00467936 /* MyStudyView.swift */,
				8F8A67462A39792D00467936 /* RankView.swift */,
				8F8A67422A39768700467936 /* UserView.swift */,
				8FE516912A4912DC0059D720 /* Components */,
			);
			path = View;
			sourceTree = "<group>";
		};
		8F8A672A2A3975E600467936 /* Utils */ = {
			isa = PBXGroup;
			children = (
				8F8A67402A39767B00467936 /* Date+Conversion.swift */,
			);
			path = Utils;
			sourceTree = "<group>";
		};
		8F8A672B2A3975E600467936 /* ViewModel */ = {
			isa = PBXGroup;
			children = (
				8F8A673C2A39766B00467936 /* AuthViewModel.swift */,
				8F8A67362A39765700467936 /* StudyViewModel.swift */,
				8F8A67382A39765D00467936 /* RankViewModel.swift */,
				8F8A673A2A39766300467936 /* UserViewModel.swift */,
			);
			name = ViewModel;
			path = View;
			sourceTree = "<group>";
		};
		8F8A675B2A3AE14D00467936 /* Authentication */ = {
			isa = PBXGroup;
			children = (
				8F8A67342A39764D00467936 /* AuthView.swift */,
				8F8A675E2A3AE30900467936 /* SocialLoginView.swift */,
				8F8A67642A3B2EBB00467936 /* UsernameView.swift */,
			);
			path = Authentication;
			sourceTree = "<group>";
		};
		8FD8C1FC2A4BABB600F21DD1 /* Chat */ = {
			isa = PBXGroup;
			children = (
				8FD8C1FD2A4BABCD00F21DD1 /* ChatListView.swift */,
				8FD8C1FF2A4BABD300F21DD1 /* ChatView.swift */,
			);
			path = Chat;
			sourceTree = "<group>";
		};
		8FE5168E2A4868010059D720 /* StudyList */ = {
			isa = PBXGroup;
			children = (
				8F8A67692A42CD5100467936 /* StudyListView.swift */,
				8F8A676D2A42D16800467936 /* StudyListCell.swift */,
				8FE5168F2A4868120059D720 /* CreateStudy.swift */,
				8FE516982A4927D00059D720 /* SelectLanguageView.swift */,
				8FE5169E2A4965F40059D720 /* ApplicationView.swift */,
				8FE516A02A4969DA0059D720 /* StudyDeatailView.swift */,
				8FE516A22A4973280059D720 /* MemberIntroductionView.swift */,
			);
			path = StudyList;
			sourceTree = "<group>";
		};
		8FE516912A4912DC0059D720 /* Components */ = {
			isa = PBXGroup;
			children = (
				8FE516922A4913450059D720 /* SelectButton.swift */,
				8FE516942A4913700059D720 /* SingleLineTextField.swift */,
				8FE516962A49138E0059D720 /* MultiLineTextField.swift */,
				8FE516A42A4989030059D720 /* HashtagView.swift */,
			);
			path = Components;
			sourceTree = "<group>";
		};
		E87B95DDFFF3746F3B31FFB7 /* Pods */ = {
			isa = PBXGroup;
			children = (
				8C495DE2ED845CC16581FE5B /* Pods-Mogong.debug.xcconfig */,
				D667EF6094CA2926C5A20B00 /* Pods-Mogong.release.xcconfig */,
			);
			path = Pods;
			sourceTree = "<group>";
		};
/* End PBXGroup section */

/* Begin PBXNativeTarget section */
		8F8A67152A39755E00467936 /* Mogong */ = {
			isa = PBXNativeTarget;
			buildConfigurationList = 8F8A67242A39756000467936 /* Build configuration list for PBXNativeTarget "Mogong" */;
			buildPhases = (
				2331CC238643A26D5AAC665E /* [CP] Check Pods Manifest.lock */,
				8F8A67122A39755E00467936 /* Sources */,
				8F8A67132A39755E00467936 /* Frameworks */,
				8F8A67142A39755E00467936 /* Resources */,
				E3D95C862BD99A57577FAA84 /* [CP] Embed Pods Frameworks */,
			);
			buildRules = (
			);
			dependencies = (
			);
			name = Mogong;
			productName = Mogong;
			productReference = 8F8A67162A39755E00467936 /* Mogong.app */;
			productType = "com.apple.product-type.application";
		};
/* End PBXNativeTarget section */

/* Begin PBXProject section */
		8F8A670E2A39755E00467936 /* Project object */ = {
			isa = PBXProject;
			attributes = {
				BuildIndependentTargetsInParallel = 1;
				LastSwiftUpdateCheck = 1430;
				LastUpgradeCheck = 1430;
				TargetAttributes = {
					8F8A67152A39755E00467936 = {
						CreatedOnToolsVersion = 14.3.1;
					};
				};
			};
			buildConfigurationList = 8F8A67112A39755E00467936 /* Build configuration list for PBXProject "Mogong" */;
			compatibilityVersion = "Xcode 14.0";
			developmentRegion = en;
			hasScannedForEncodings = 0;
			knownRegions = (
				en,
				Base,
			);
			mainGroup = 8F8A670D2A39755E00467936;
			productRefGroup = 8F8A67172A39755E00467936 /* Products */;
			projectDirPath = "";
			projectRoot = "";
			targets = (
				8F8A67152A39755E00467936 /* Mogong */,
			);
		};
/* End PBXProject section */

/* Begin PBXResourcesBuildPhase section */
		8F8A67142A39755E00467936 /* Resources */ = {
			isa = PBXResourcesBuildPhase;
			buildActionMask = 2147483647;
			files = (
				8F8A67212A39756000467936 /* Preview Assets.xcassets in Resources */,
				8F8A671E2A39756000467936 /* Assets.xcassets in Resources */,
				8F8A67632A3B24DF00467936 /* GoogleService-Info.plist in Resources */,
			);
			runOnlyForDeploymentPostprocessing = 0;
		};
/* End PBXResourcesBuildPhase section */

/* Begin PBXShellScriptBuildPhase section */
		2331CC238643A26D5AAC665E /* [CP] Check Pods Manifest.lock */ = {
			isa = PBXShellScriptBuildPhase;
			buildActionMask = 2147483647;
			files = (
			);
			inputFileListPaths = (
			);
			inputPaths = (
				"${PODS_PODFILE_DIR_PATH}/Podfile.lock",
				"${PODS_ROOT}/Manifest.lock",
			);
			name = "[CP] Check Pods Manifest.lock";
			outputFileListPaths = (
			);
			outputPaths = (
				"$(DERIVED_FILE_DIR)/Pods-Mogong-checkManifestLockResult.txt",
			);
			runOnlyForDeploymentPostprocessing = 0;
			shellPath = /bin/sh;
			shellScript = "diff \"${PODS_PODFILE_DIR_PATH}/Podfile.lock\" \"${PODS_ROOT}/Manifest.lock\" > /dev/null\nif [ $? != 0 ] ; then\n    # print error to STDERR\n    echo \"error: The sandbox is not in sync with the Podfile.lock. Run 'pod install' or update your CocoaPods installation.\" >&2\n    exit 1\nfi\n# This output is used by Xcode 'outputs' to avoid re-running this script phase.\necho \"SUCCESS\" > \"${SCRIPT_OUTPUT_FILE_0}\"\n";
			showEnvVarsInLog = 0;
		};
		E3D95C862BD99A57577FAA84 /* [CP] Embed Pods Frameworks */ = {
			isa = PBXShellScriptBuildPhase;
			buildActionMask = 2147483647;
			files = (
			);
			inputFileListPaths = (
				"${PODS_ROOT}/Target Support Files/Pods-Mogong/Pods-Mogong-frameworks-${CONFIGURATION}-input-files.xcfilelist",
			);
			name = "[CP] Embed Pods Frameworks";
			outputFileListPaths = (
				"${PODS_ROOT}/Target Support Files/Pods-Mogong/Pods-Mogong-frameworks-${CONFIGURATION}-output-files.xcfilelist",
			);
			runOnlyForDeploymentPostprocessing = 0;
			shellPath = /bin/sh;
			shellScript = "\"${PODS_ROOT}/Target Support Files/Pods-Mogong/Pods-Mogong-frameworks.sh\"\n";
			showEnvVarsInLog = 0;
		};
/* End PBXShellScriptBuildPhase section */

/* Begin PBXSourcesBuildPhase section */
		8F8A67122A39755E00467936 /* Sources */ = {
			isa = PBXSourcesBuildPhase;
			buildActionMask = 2147483647;
			files = (
				8FE516952A4913700059D720 /* SingleLineTextField.swift in Sources */,
				8F8A676A2A42CD5100467936 /* StudyListView.swift in Sources */,
				8F8A67652A3B2EBB00467936 /* UsernameView.swift in Sources */,
				8F8A672D2A39762F00467936 /* Study.swift in Sources */,
				8FD8C2002A4BABD300F21DD1 /* ChatView.swift in Sources */,
				8FD8C1FE2A4BABCD00F21DD1 /* ChatListView.swift in Sources */,
				8FE516932A4913460059D720 /* SelectButton.swift in Sources */,
				8FE516A52A4989030059D720 /* HashtagView.swift in Sources */,
				8F8A67472A39792D00467936 /* RankView.swift in Sources */,
				8F8A67392A39765D00467936 /* RankViewModel.swift in Sources */,
				8FE516972A49138E0059D720 /* MultiLineTextField.swift in Sources */,
				8F8A67452A39773600467936 /* ContentView.swift in Sources */,
				8FE5169D2A4965310059D720 /* Application.swift in Sources */,
				8F8A673D2A39766B00467936 /* AuthViewModel.swift in Sources */,
				8FE5169F2A4965F40059D720 /* ApplicationView.swift in Sources */,
				8F8A676C2A42CD6D00467936 /* MyStudyView.swift in Sources */,
				8FE516902A4868120059D720 /* CreateStudy.swift in Sources */,
				8F8A673F2A39767200467936 /* Login.swift in Sources */,
				8F8A675F2A3AE30900467936 /* SocialLoginView.swift in Sources */,
				8FD8C2022A4BAC6400F21DD1 /* Chat.swift in Sources */,
				8FE516992A4927D00059D720 /* SelectLanguageView.swift in Sources */,
				8F8A67352A39764D00467936 /* AuthView.swift in Sources */,
				8F8A676E2A42D16800467936 /* StudyListCell.swift in Sources */,
				8F8A673B2A39766300467936 /* UserViewModel.swift in Sources */,
				8FE516A32A4973280059D720 /* MemberIntroductionView.swift in Sources */,
				8F8A672F2A39763400467936 /* Rank.swift in Sources */,
				8F8A67372A39765700467936 /* StudyViewModel.swift in Sources */,
				8F8A67412A39767B00467936 /* Date+Conversion.swift in Sources */,
				8FE5169B2A492EAF0059D720 /* Language.swift in Sources */,
				8F8A67332A39764300467936 /* HomeView.swift in Sources */,
				8F8A67312A39763800467936 /* User.swift in Sources */,
				8F8A671A2A39755E00467936 /* MogongApp.swift in Sources */,
				8FE516A12A4969DA0059D720 /* StudyDeatailView.swift in Sources */,
				8F8A67432A39768700467936 /* UserView.swift in Sources */,
			);
			runOnlyForDeploymentPostprocessing = 0;
		};
/* End PBXSourcesBuildPhase section */

/* Begin XCBuildConfiguration section */
		8F8A67222A39756000467936 /* Debug */ = {
			isa = XCBuildConfiguration;
			buildSettings = {
				ALWAYS_SEARCH_USER_PATHS = NO;
				CLANG_ANALYZER_NONNULL = YES;
				CLANG_ANALYZER_NUMBER_OBJECT_CONVERSION = YES_AGGRESSIVE;
				CLANG_CXX_LANGUAGE_STANDARD = "gnu++20";
				CLANG_ENABLE_MODULES = YES;
				CLANG_ENABLE_OBJC_ARC = YES;
				CLANG_ENABLE_OBJC_WEAK = YES;
				CLANG_WARN_BLOCK_CAPTURE_AUTORELEASING = YES;
				CLANG_WARN_BOOL_CONVERSION = YES;
				CLANG_WARN_COMMA = YES;
				CLANG_WARN_CONSTANT_CONVERSION = YES;
				CLANG_WARN_DEPRECATED_OBJC_IMPLEMENTATIONS = YES;
				CLANG_WARN_DIRECT_OBJC_ISA_USAGE = YES_ERROR;
				CLANG_WARN_DOCUMENTATION_COMMENTS = YES;
				CLANG_WARN_EMPTY_BODY = YES;
				CLANG_WARN_ENUM_CONVERSION = YES;
				CLANG_WARN_INFINITE_RECURSION = YES;
				CLANG_WARN_INT_CONVERSION = YES;
				CLANG_WARN_NON_LITERAL_NULL_CONVERSION = YES;
				CLANG_WARN_OBJC_IMPLICIT_RETAIN_SELF = YES;
				CLANG_WARN_OBJC_LITERAL_CONVERSION = YES;
				CLANG_WARN_OBJC_ROOT_CLASS = YES_ERROR;
				CLANG_WARN_QUOTED_INCLUDE_IN_FRAMEWORK_HEADER = YES;
				CLANG_WARN_RANGE_LOOP_ANALYSIS = YES;
				CLANG_WARN_STRICT_PROTOTYPES = YES;
				CLANG_WARN_SUSPICIOUS_MOVE = YES;
				CLANG_WARN_UNGUARDED_AVAILABILITY = YES_AGGRESSIVE;
				CLANG_WARN_UNREACHABLE_CODE = YES;
				CLANG_WARN__DUPLICATE_METHOD_MATCH = YES;
				COPY_PHASE_STRIP = NO;
				DEBUG_INFORMATION_FORMAT = dwarf;
				ENABLE_STRICT_OBJC_MSGSEND = YES;
				ENABLE_TESTABILITY = YES;
				GCC_C_LANGUAGE_STANDARD = gnu11;
				GCC_DYNAMIC_NO_PIC = NO;
				GCC_NO_COMMON_BLOCKS = YES;
				GCC_OPTIMIZATION_LEVEL = 0;
				GCC_PREPROCESSOR_DEFINITIONS = (
					"DEBUG=1",
					"$(inherited)",
				);
				GCC_WARN_64_TO_32_BIT_CONVERSION = YES;
				GCC_WARN_ABOUT_RETURN_TYPE = YES_ERROR;
				GCC_WARN_UNDECLARED_SELECTOR = YES;
				GCC_WARN_UNINITIALIZED_AUTOS = YES_AGGRESSIVE;
				GCC_WARN_UNUSED_FUNCTION = YES;
				GCC_WARN_UNUSED_VARIABLE = YES;
				IPHONEOS_DEPLOYMENT_TARGET = 15.0;
				MTL_ENABLE_DEBUG_INFO = INCLUDE_SOURCE;
				MTL_FAST_MATH = YES;
				ONLY_ACTIVE_ARCH = YES;
				SDKROOT = iphoneos;
				SWIFT_ACTIVE_COMPILATION_CONDITIONS = DEBUG;
				SWIFT_OPTIMIZATION_LEVEL = "-Onone";
			};
			name = Debug;
		};
		8F8A67232A39756000467936 /* Release */ = {
			isa = XCBuildConfiguration;
			buildSettings = {
				ALWAYS_SEARCH_USER_PATHS = NO;
				CLANG_ANALYZER_NONNULL = YES;
				CLANG_ANALYZER_NUMBER_OBJECT_CONVERSION = YES_AGGRESSIVE;
				CLANG_CXX_LANGUAGE_STANDARD = "gnu++20";
				CLANG_ENABLE_MODULES = YES;
				CLANG_ENABLE_OBJC_ARC = YES;
				CLANG_ENABLE_OBJC_WEAK = YES;
				CLANG_WARN_BLOCK_CAPTURE_AUTORELEASING = YES;
				CLANG_WARN_BOOL_CONVERSION = YES;
				CLANG_WARN_COMMA = YES;
				CLANG_WARN_CONSTANT_CONVERSION = YES;
				CLANG_WARN_DEPRECATED_OBJC_IMPLEMENTATIONS = YES;
				CLANG_WARN_DIRECT_OBJC_ISA_USAGE = YES_ERROR;
				CLANG_WARN_DOCUMENTATION_COMMENTS = YES;
				CLANG_WARN_EMPTY_BODY = YES;
				CLANG_WARN_ENUM_CONVERSION = YES;
				CLANG_WARN_INFINITE_RECURSION = YES;
				CLANG_WARN_INT_CONVERSION = YES;
				CLANG_WARN_NON_LITERAL_NULL_CONVERSION = YES;
				CLANG_WARN_OBJC_IMPLICIT_RETAIN_SELF = YES;
				CLANG_WARN_OBJC_LITERAL_CONVERSION = YES;
				CLANG_WARN_OBJC_ROOT_CLASS = YES_ERROR;
				CLANG_WARN_QUOTED_INCLUDE_IN_FRAMEWORK_HEADER = YES;
				CLANG_WARN_RANGE_LOOP_ANALYSIS = YES;
				CLANG_WARN_STRICT_PROTOTYPES = YES;
				CLANG_WARN_SUSPICIOUS_MOVE = YES;
				CLANG_WARN_UNGUARDED_AVAILABILITY = YES_AGGRESSIVE;
				CLANG_WARN_UNREACHABLE_CODE = YES;
				CLANG_WARN__DUPLICATE_METHOD_MATCH = YES;
				COPY_PHASE_STRIP = NO;
				DEBUG_INFORMATION_FORMAT = "dwarf-with-dsym";
				ENABLE_NS_ASSERTIONS = NO;
				ENABLE_STRICT_OBJC_MSGSEND = YES;
				GCC_C_LANGUAGE_STANDARD = gnu11;
				GCC_NO_COMMON_BLOCKS = YES;
				GCC_WARN_64_TO_32_BIT_CONVERSION = YES;
				GCC_WARN_ABOUT_RETURN_TYPE = YES_ERROR;
				GCC_WARN_UNDECLARED_SELECTOR = YES;
				GCC_WARN_UNINITIALIZED_AUTOS = YES_AGGRESSIVE;
				GCC_WARN_UNUSED_FUNCTION = YES;
				GCC_WARN_UNUSED_VARIABLE = YES;
				IPHONEOS_DEPLOYMENT_TARGET = 15.0;
				MTL_ENABLE_DEBUG_INFO = NO;
				MTL_FAST_MATH = YES;
				SDKROOT = iphoneos;
				SWIFT_COMPILATION_MODE = wholemodule;
				SWIFT_OPTIMIZATION_LEVEL = "-O";
				VALIDATE_PRODUCT = YES;
			};
			name = Release;
		};
		8F8A67252A39756000467936 /* Debug */ = {
			isa = XCBuildConfiguration;
			baseConfigurationReference = 8C495DE2ED845CC16581FE5B /* Pods-Mogong.debug.xcconfig */;
			buildSettings = {
				ASSETCATALOG_COMPILER_APPICON_NAME = AppIcon;
				ASSETCATALOG_COMPILER_GLOBAL_ACCENT_COLOR_NAME = AccentColor;
				CODE_SIGN_ENTITLEMENTS = Mogong/Mogong.entitlements;
				CODE_SIGN_STYLE = Automatic;
				CURRENT_PROJECT_VERSION = 1;
				DEVELOPMENT_ASSET_PATHS = "\"Mogong/Preview Content\"";
				DEVELOPMENT_TEAM = 89BLGRU39K;
				ENABLE_PREVIEWS = YES;
				GENERATE_INFOPLIST_FILE = YES;
				INFOPLIST_FILE = Mogong/Info.plist;
				INFOPLIST_KEY_UIApplicationSceneManifest_Generation = YES;
				INFOPLIST_KEY_UIApplicationSupportsIndirectInputEvents = YES;
				INFOPLIST_KEY_UILaunchScreen_Generation = YES;
				INFOPLIST_KEY_UISupportedInterfaceOrientations_iPad = "UIInterfaceOrientationPortrait UIInterfaceOrientationPortraitUpsideDown UIInterfaceOrientationLandscapeLeft UIInterfaceOrientationLandscapeRight";
				INFOPLIST_KEY_UISupportedInterfaceOrientations_iPhone = "UIInterfaceOrientationPortrait UIInterfaceOrientationLandscapeLeft UIInterfaceOrientationLandscapeRight";
				IPHONEOS_DEPLOYMENT_TARGET = 16.0;
				LD_RUNPATH_SEARCH_PATHS = (
					"$(inherited)",
					"@executable_path/Frameworks",
				);
				MARKETING_VERSION = 1.0;
				PRODUCT_BUNDLE_IDENTIFIER = com.mogong.Mogong;
				PRODUCT_NAME = "$(TARGET_NAME)";
				SWIFT_EMIT_LOC_STRINGS = YES;
				SWIFT_VERSION = 5.0;
				TARGETED_DEVICE_FAMILY = "1,2";
			};
			name = Debug;
		};
		8F8A67262A39756000467936 /* Release */ = {
			isa = XCBuildConfiguration;
			baseConfigurationReference = D667EF6094CA2926C5A20B00 /* Pods-Mogong.release.xcconfig */;
			buildSettings = {
				ASSETCATALOG_COMPILER_APPICON_NAME = AppIcon;
				ASSETCATALOG_COMPILER_GLOBAL_ACCENT_COLOR_NAME = AccentColor;
				CODE_SIGN_ENTITLEMENTS = Mogong/Mogong.entitlements;
				CODE_SIGN_STYLE = Automatic;
				CURRENT_PROJECT_VERSION = 1;
				DEVELOPMENT_ASSET_PATHS = "\"Mogong/Preview Content\"";
				DEVELOPMENT_TEAM = 89BLGRU39K;
				ENABLE_PREVIEWS = YES;
				GENERATE_INFOPLIST_FILE = YES;
				INFOPLIST_FILE = Mogong/Info.plist;
				INFOPLIST_KEY_UIApplicationSceneManifest_Generation = YES;
				INFOPLIST_KEY_UIApplicationSupportsIndirectInputEvents = YES;
				INFOPLIST_KEY_UILaunchScreen_Generation = YES;
				INFOPLIST_KEY_UISupportedInterfaceOrientations_iPad = "UIInterfaceOrientationPortrait UIInterfaceOrientationPortraitUpsideDown UIInterfaceOrientationLandscapeLeft UIInterfaceOrientationLandscapeRight";
				INFOPLIST_KEY_UISupportedInterfaceOrientations_iPhone = "UIInterfaceOrientationPortrait UIInterfaceOrientationLandscapeLeft UIInterfaceOrientationLandscapeRight";
				IPHONEOS_DEPLOYMENT_TARGET = 16.0;
				LD_RUNPATH_SEARCH_PATHS = (
					"$(inherited)",
					"@executable_path/Frameworks",
				);
				MARKETING_VERSION = 1.0;
				PRODUCT_BUNDLE_IDENTIFIER = com.mogong.Mogong;
				PRODUCT_NAME = "$(TARGET_NAME)";
				SWIFT_EMIT_LOC_STRINGS = YES;
				SWIFT_VERSION = 5.0;
				TARGETED_DEVICE_FAMILY = "1,2";
			};
			name = Release;
		};
/* End XCBuildConfiguration section */

/* Begin XCConfigurationList section */
		8F8A67112A39755E00467936 /* Build configuration list for PBXProject "Mogong" */ = {
			isa = XCConfigurationList;
			buildConfigurations = (
				8F8A67222A39756000467936 /* Debug */,
				8F8A67232A39756000467936 /* Release */,
			);
			defaultConfigurationIsVisible = 0;
			defaultConfigurationName = Release;
		};
		8F8A67242A39756000467936 /* Build configuration list for PBXNativeTarget "Mogong" */ = {
			isa = XCConfigurationList;
			buildConfigurations = (
				8F8A67252A39756000467936 /* Debug */,
				8F8A67262A39756000467936 /* Release */,
			);
			defaultConfigurationIsVisible = 0;
			defaultConfigurationName = Release;
		};
/* End XCConfigurationList section */
	};
	rootObject = 8F8A670E2A39755E00467936 /* Project object */;
}
