// !$*UTF8*$!
{
	archiveVersion = 1;
	classes = {
	};
	objectVersion = 56;
	objects = {

/* Begin PBXBuildFile section */
		5C11C9642A53F5A500618943 /* HomeView.swift in Sources */ = {isa = PBXBuildFile; fileRef = 5C11C9632A53F5A500618943 /* HomeView.swift */; };
		5CFBC2FC2A5969A60021B6EC /* CompletedStudyCell.swift in Sources */ = {isa = PBXBuildFile; fileRef = 5CFBC2FB2A5969A60021B6EC /* CompletedStudyCell.swift */; };
		5CFBC2FE2A5969B40021B6EC /* ClippyStudyCell.swift in Sources */ = {isa = PBXBuildFile; fileRef = 5CFBC2FD2A5969B40021B6EC /* ClippyStudyCell.swift */; };
		5CFBC3002A5969C80021B6EC /* ClippyStudyView.swift in Sources */ = {isa = PBXBuildFile; fileRef = 5CFBC2FF2A5969C80021B6EC /* ClippyStudyView.swift */; };
		5CFBC3022A5969D40021B6EC /* CompletedStudyView.swift in Sources */ = {isa = PBXBuildFile; fileRef = 5CFBC3012A5969D40021B6EC /* CompletedStudyView.swift */; };
		5CFBC3042A596F8F0021B6EC /* TopBarView.swift in Sources */ = {isa = PBXBuildFile; fileRef = 5CFBC3032A596F8F0021B6EC /* TopBarView.swift */; };
		5CFBC3062A596FA40021B6EC /* TabBarView.swift in Sources */ = {isa = PBXBuildFile; fileRef = 5CFBC3052A596FA40021B6EC /* TabBarView.swift */; };
		8F4125572A55029E005B5A1E /* NaviBackButton.swift in Sources */ = {isa = PBXBuildFile; fileRef = 8F4125562A55029D005B5A1E /* NaviBackButton.swift */; };
		8F78DB942A4BC9E20004F195 /* ChatViewModel.swift in Sources */ = {isa = PBXBuildFile; fileRef = 8F78DB932A4BC9E20004F195 /* ChatViewModel.swift */; };
		8F78DB9A2A4C04490004F195 /* AlarmView.swift in Sources */ = {isa = PBXBuildFile; fileRef = 8F78DB992A4C04490004F195 /* AlarmView.swift */; };
		8F78DB9C2A4C04A20004F195 /* Alarm.swift in Sources */ = {isa = PBXBuildFile; fileRef = 8F78DB9B2A4C04A20004F195 /* Alarm.swift */; };
		8F78DB9E2A4C06820004F195 /* AlarmCell.swift in Sources */ = {isa = PBXBuildFile; fileRef = 8F78DB9D2A4C06820004F195 /* AlarmCell.swift */; };
		8F78DBA12A4C0B340004F195 /* StudyIntroduceView.swift in Sources */ = {isa = PBXBuildFile; fileRef = 8F78DBA02A4C0B340004F195 /* StudyIntroduceView.swift */; };
		8F7D0C0F2A52A7670073457A /* BookmarkView.swift in Sources */ = {isa = PBXBuildFile; fileRef = 8F7D0C0E2A52A7670073457A /* BookmarkView.swift */; };
		8F7D0C112A52A76C0073457A /* SettingView.swift in Sources */ = {isa = PBXBuildFile; fileRef = 8F7D0C102A52A76C0073457A /* SettingView.swift */; };
		8F7D0C132A52A9DB0073457A /* BookmarkCellView.swift in Sources */ = {isa = PBXBuildFile; fileRef = 8F7D0C122A52A9DB0073457A /* BookmarkCellView.swift */; };
		8F8A671A2A39755E00467936 /* MogongApp.swift in Sources */ = {isa = PBXBuildFile; fileRef = 8F8A67192A39755E00467936 /* MogongApp.swift */; };
		8F8A671E2A39756000467936 /* Assets.xcassets in Resources */ = {isa = PBXBuildFile; fileRef = 8F8A671D2A39756000467936 /* Assets.xcassets */; };
		8F8A67212A39756000467936 /* Preview Assets.xcassets in Resources */ = {isa = PBXBuildFile; fileRef = 8F8A67202A39756000467936 /* Preview Assets.xcassets */; };
		8F8A672D2A39762F00467936 /* Study.swift in Sources */ = {isa = PBXBuildFile; fileRef = 8F8A672C2A39762F00467936 /* Study.swift */; };
		8F8A672F2A39763400467936 /* Rank.swift in Sources */ = {isa = PBXBuildFile; fileRef = 8F8A672E2A39763400467936 /* Rank.swift */; };
		8F8A67312A39763800467936 /* User.swift in Sources */ = {isa = PBXBuildFile; fileRef = 8F8A67302A39763800467936 /* User.swift */; };
		8F8A67332A39764300467936 /* TempHomeView.swift in Sources */ = {isa = PBXBuildFile; fileRef = 8F8A67322A39764300467936 /* TempHomeView.swift */; };
		8F8A67352A39764D00467936 /* AuthView.swift in Sources */ = {isa = PBXBuildFile; fileRef = 8F8A67342A39764D00467936 /* AuthView.swift */; };
		8F8A67372A39765700467936 /* StudyViewModel.swift in Sources */ = {isa = PBXBuildFile; fileRef = 8F8A67362A39765700467936 /* StudyViewModel.swift */; };
		8F8A67392A39765D00467936 /* RankViewModel.swift in Sources */ = {isa = PBXBuildFile; fileRef = 8F8A67382A39765D00467936 /* RankViewModel.swift */; };
		8F8A673B2A39766300467936 /* UserViewModel.swift in Sources */ = {isa = PBXBuildFile; fileRef = 8F8A673A2A39766300467936 /* UserViewModel.swift */; };
		8F8A673D2A39766B00467936 /* AuthViewModel.swift in Sources */ = {isa = PBXBuildFile; fileRef = 8F8A673C2A39766B00467936 /* AuthViewModel.swift */; };
		8F8A673F2A39767200467936 /* Login.swift in Sources */ = {isa = PBXBuildFile; fileRef = 8F8A673E2A39767200467936 /* Login.swift */; };
		8F8A67412A39767B00467936 /* Date+Conversion.swift in Sources */ = {isa = PBXBuildFile; fileRef = 8F8A67402A39767B00467936 /* Date+Conversion.swift */; };
		8F8A67432A39768700467936 /* UserView.swift in Sources */ = {isa = PBXBuildFile; fileRef = 8F8A67422A39768700467936 /* UserView.swift */; };
		8F8A67452A39773600467936 /* ContentView.swift in Sources */ = {isa = PBXBuildFile; fileRef = 8F8A67442A39773600467936 /* ContentView.swift */; };
		8F8A675F2A3AE30900467936 /* SocialLoginView.swift in Sources */ = {isa = PBXBuildFile; fileRef = 8F8A675E2A3AE30900467936 /* SocialLoginView.swift */; };
		8F8A67632A3B24DF00467936 /* GoogleService-Info.plist in Resources */ = {isa = PBXBuildFile; fileRef = 8F8A67622A3B24DF00467936 /* GoogleService-Info.plist */; };
		8F8A67652A3B2EBB00467936 /* UsernameView.swift in Sources */ = {isa = PBXBuildFile; fileRef = 8F8A67642A3B2EBB00467936 /* UsernameView.swift */; };
		8F8A676A2A42CD5100467936 /* StudyListView.swift in Sources */ = {isa = PBXBuildFile; fileRef = 8F8A67692A42CD5100467936 /* StudyListView.swift */; };
		8F8A676C2A42CD6D00467936 /* MyStudyView.swift in Sources */ = {isa = PBXBuildFile; fileRef = 8F8A676B2A42CD6D00467936 /* MyStudyView.swift */; };
		8F8A676E2A42D16800467936 /* StudyListCell.swift in Sources */ = {isa = PBXBuildFile; fileRef = 8F8A676D2A42D16800467936 /* StudyListCell.swift */; };
		8F8CA84B2A4D0CAD002E8D15 /* Font+Pretendard.swift in Sources */ = {isa = PBXBuildFile; fileRef = 8F8CA84A2A4D0CAD002E8D15 /* Font+Pretendard.swift */; };
		8F8CA84C2A4D1151002E8D15 /* Pretendard-Black.otf in Resources */ = {isa = PBXBuildFile; fileRef = 8F8CA8472A4D0C9D002E8D15 /* Pretendard-Black.otf */; };
		8F8CA84D2A4D1153002E8D15 /* Pretendard-Bold.otf in Resources */ = {isa = PBXBuildFile; fileRef = 8F8CA8482A4D0C9D002E8D15 /* Pretendard-Bold.otf */; };
		8F8CA84E2A4D1155002E8D15 /* Pretendard-ExtraBold.otf in Resources */ = {isa = PBXBuildFile; fileRef = 8F8CA8422A4D0C9D002E8D15 /* Pretendard-ExtraBold.otf */; };
		8F8CA84F2A4D1157002E8D15 /* Pretendard-ExtraLight.otf in Resources */ = {isa = PBXBuildFile; fileRef = 8F8CA8452A4D0C9D002E8D15 /* Pretendard-ExtraLight.otf */; };
		8F8CA8502A4D115A002E8D15 /* Pretendard-Light.otf in Resources */ = {isa = PBXBuildFile; fileRef = 8F8CA8462A4D0C9D002E8D15 /* Pretendard-Light.otf */; };
		8F8CA8512A4D115C002E8D15 /* Pretendard-Medium.otf in Resources */ = {isa = PBXBuildFile; fileRef = 8F8CA8432A4D0C9D002E8D15 /* Pretendard-Medium.otf */; };
		8F8CA8522A4D115E002E8D15 /* Pretendard-Regular.otf in Resources */ = {isa = PBXBuildFile; fileRef = 8F8CA8412A4D0C9D002E8D15 /* Pretendard-Regular.otf */; };
		8F8CA8532A4D1161002E8D15 /* Pretendard-SemiBold.otf in Resources */ = {isa = PBXBuildFile; fileRef = 8F8CA8442A4D0C9D002E8D15 /* Pretendard-SemiBold.otf */; };
		8F8CA8542A4D1162002E8D15 /* Pretendard-Thin.otf in Resources */ = {isa = PBXBuildFile; fileRef = 8F8CA8492A4D0C9D002E8D15 /* Pretendard-Thin.otf */; };
		8F8CA8572A4D1E93002E8D15 /* CheckLabel.swift in Sources */ = {isa = PBXBuildFile; fileRef = 8F8CA8562A4D1E93002E8D15 /* CheckLabel.swift */; };
		8F8CA8592A4D5D65002E8D15 /* MyStudyDetailView.swift in Sources */ = {isa = PBXBuildFile; fileRef = 8F8CA8582A4D5D65002E8D15 /* MyStudyDetailView.swift */; };
		8FA028002A5BC865001B17F6 /* ApplicationListView.swift in Sources */ = {isa = PBXBuildFile; fileRef = 8FA027FF2A5BC865001B17F6 /* ApplicationListView.swift */; };
		8FA028022A5BD3EC001B17F6 /* ApplicationDetailView.swift in Sources */ = {isa = PBXBuildFile; fileRef = 8FA028012A5BD3EC001B17F6 /* ApplicationDetailView.swift */; };
		8FD8C1FE2A4BABCD00F21DD1 /* ChatListView.swift in Sources */ = {isa = PBXBuildFile; fileRef = 8FD8C1FD2A4BABCD00F21DD1 /* ChatListView.swift */; };
		8FD8C2002A4BABD300F21DD1 /* ChatView.swift in Sources */ = {isa = PBXBuildFile; fileRef = 8FD8C1FF2A4BABD300F21DD1 /* ChatView.swift */; };
		8FD8C2022A4BAC6400F21DD1 /* Chat.swift in Sources */ = {isa = PBXBuildFile; fileRef = 8FD8C2012A4BAC6400F21DD1 /* Chat.swift */; };
		8FD8C2042A4BADB300F21DD1 /* ChatListCell.swift in Sources */ = {isa = PBXBuildFile; fileRef = 8FD8C2032A4BADB300F21DD1 /* ChatListCell.swift */; };
		8FD8C2062A4BAF6D00F21DD1 /* Message.swift in Sources */ = {isa = PBXBuildFile; fileRef = 8FD8C2052A4BAF6D00F21DD1 /* Message.swift */; };
		8FE516902A4868120059D720 /* CreateStudy.swift in Sources */ = {isa = PBXBuildFile; fileRef = 8FE5168F2A4868120059D720 /* CreateStudy.swift */; };
		8FE516932A4913460059D720 /* SelectButton.swift in Sources */ = {isa = PBXBuildFile; fileRef = 8FE516922A4913450059D720 /* SelectButton.swift */; };
		8FE516952A4913700059D720 /* SingleLineTextField.swift in Sources */ = {isa = PBXBuildFile; fileRef = 8FE516942A4913700059D720 /* SingleLineTextField.swift */; };
		8FE516972A49138E0059D720 /* MultiLineTextField.swift in Sources */ = {isa = PBXBuildFile; fileRef = 8FE516962A49138E0059D720 /* MultiLineTextField.swift */; };
		8FE5169B2A492EAF0059D720 /* Language.swift in Sources */ = {isa = PBXBuildFile; fileRef = 8FE5169A2A492EAF0059D720 /* Language.swift */; };
		8FE5169D2A4965310059D720 /* Application.swift in Sources */ = {isa = PBXBuildFile; fileRef = 8FE5169C2A4965310059D720 /* Application.swift */; };
		8FE5169F2A4965F40059D720 /* ApplicationView.swift in Sources */ = {isa = PBXBuildFile; fileRef = 8FE5169E2A4965F40059D720 /* ApplicationView.swift */; };
		8FE516A12A4969DA0059D720 /* StudyDetailView.swift in Sources */ = {isa = PBXBuildFile; fileRef = 8FE516A02A4969DA0059D720 /* StudyDetailView.swift */; };
		8FE516A32A4973280059D720 /* MemberIntroductionView.swift in Sources */ = {isa = PBXBuildFile; fileRef = 8FE516A22A4973280059D720 /* MemberIntroductionView.swift */; };
		8FE516A52A4989030059D720 /* HashtagView.swift in Sources */ = {isa = PBXBuildFile; fileRef = 8FE516A42A4989030059D720 /* HashtagView.swift */; };
		8FF09EDF2A569B6900630F19 /* HStakTeamMemberView.swift in Sources */ = {isa = PBXBuildFile; fileRef = 8FF09EDE2A569B6900630F19 /* HStakTeamMemberView.swift */; };
		8FF09EE12A569B7200630F19 /* HStackNewTeamMemberView.swift in Sources */ = {isa = PBXBuildFile; fileRef = 8FF09EE02A569B7200630F19 /* HStackNewTeamMemberView.swift */; };
		8FF09EE32A56A06800630F19 /* RemoveMemberView.swift in Sources */ = {isa = PBXBuildFile; fileRef = 8FF09EE22A56A06800630F19 /* RemoveMemberView.swift */; };
		8FF09EE52A56A99400630F19 /* RemoveReasonView.swift in Sources */ = {isa = PBXBuildFile; fileRef = 8FF09EE42A56A99400630F19 /* RemoveReasonView.swift */; };
		8FF09EE92A570AEB00630F19 /* VStakTeamMemberView.swift in Sources */ = {isa = PBXBuildFile; fileRef = 8FF09EE82A570AEB00630F19 /* VStakTeamMemberView.swift */; };
		8FF09EEB2A570B5300630F19 /* VStackNewTeamMemberView.swift in Sources */ = {isa = PBXBuildFile; fileRef = 8FF09EEA2A570B5300630F19 /* VStackNewTeamMemberView.swift */; };
		8FF09EED2A5934EC00630F19 /* View+hideKeyboard.swift in Sources */ = {isa = PBXBuildFile; fileRef = 8FF09EEC2A5934EC00630F19 /* View+hideKeyboard.swift */; };
		8FF2796C2A5BF4DB003B325F /* UserService.swift in Sources */ = {isa = PBXBuildFile; fileRef = 8FF2796B2A5BF4DB003B325F /* UserService.swift */; };
		8FF2796E2A5BF500003B325F /* StudyService.swift in Sources */ = {isa = PBXBuildFile; fileRef = 8FF2796D2A5BF500003B325F /* StudyService.swift */; };
		8FF279702A5BF507003B325F /* ApplicationService.swift in Sources */ = {isa = PBXBuildFile; fileRef = 8FF2796F2A5BF507003B325F /* ApplicationService.swift */; };
		8FF418A32A4D7B0B0090FA34 /* AppDelegate.swift in Sources */ = {isa = PBXBuildFile; fileRef = 8FF418A22A4D7B0B0090FA34 /* AppDelegate.swift */; };
		8FF418A52A4D7C6E0090FA34 /* UserPageView.swift in Sources */ = {isa = PBXBuildFile; fileRef = 8FF418A42A4D7C6E0090FA34 /* UserPageView.swift */; };
		8FF418A72A4D7E650090FA34 /* ApplicationViewModel.swift in Sources */ = {isa = PBXBuildFile; fileRef = 8FF418A62A4D7E650090FA34 /* ApplicationViewModel.swift */; };
		936083925F226246A2A6DD2D /* Pods_Mogong.framework in Frameworks */ = {isa = PBXBuildFile; fileRef = 43543764F7659697C75D1DC0 /* Pods_Mogong.framework */; };
/* End PBXBuildFile section */

/* Begin PBXFileReference section */
		43543764F7659697C75D1DC0 /* Pods_Mogong.framework */ = {isa = PBXFileReference; explicitFileType = wrapper.framework; includeInIndex = 0; path = Pods_Mogong.framework; sourceTree = BUILT_PRODUCTS_DIR; };
		5C11C9632A53F5A500618943 /* HomeView.swift */ = {isa = PBXFileReference; lastKnownFileType = sourcecode.swift; path = HomeView.swift; sourceTree = "<group>"; };
		5CFBC2FB2A5969A60021B6EC /* CompletedStudyCell.swift */ = {isa = PBXFileReference; lastKnownFileType = sourcecode.swift; path = CompletedStudyCell.swift; sourceTree = "<group>"; };
		5CFBC2FD2A5969B40021B6EC /* ClippyStudyCell.swift */ = {isa = PBXFileReference; lastKnownFileType = sourcecode.swift; path = ClippyStudyCell.swift; sourceTree = "<group>"; };
		5CFBC2FF2A5969C80021B6EC /* ClippyStudyView.swift */ = {isa = PBXFileReference; lastKnownFileType = sourcecode.swift; path = ClippyStudyView.swift; sourceTree = "<group>"; };
		5CFBC3012A5969D40021B6EC /* CompletedStudyView.swift */ = {isa = PBXFileReference; lastKnownFileType = sourcecode.swift; path = CompletedStudyView.swift; sourceTree = "<group>"; };
		5CFBC3032A596F8F0021B6EC /* TopBarView.swift */ = {isa = PBXFileReference; lastKnownFileType = sourcecode.swift; path = TopBarView.swift; sourceTree = "<group>"; };
		5CFBC3052A596FA40021B6EC /* TabBarView.swift */ = {isa = PBXFileReference; lastKnownFileType = sourcecode.swift; path = TabBarView.swift; sourceTree = "<group>"; };
		8C495DE2ED845CC16581FE5B /* Pods-Mogong.debug.xcconfig */ = {isa = PBXFileReference; includeInIndex = 1; lastKnownFileType = text.xcconfig; name = "Pods-Mogong.debug.xcconfig"; path = "Target Support Files/Pods-Mogong/Pods-Mogong.debug.xcconfig"; sourceTree = "<group>"; };
		8F4125562A55029D005B5A1E /* NaviBackButton.swift */ = {isa = PBXFileReference; lastKnownFileType = sourcecode.swift; path = NaviBackButton.swift; sourceTree = "<group>"; };
		8F78DB932A4BC9E20004F195 /* ChatViewModel.swift */ = {isa = PBXFileReference; lastKnownFileType = sourcecode.swift; path = ChatViewModel.swift; sourceTree = "<group>"; };
		8F78DB992A4C04490004F195 /* AlarmView.swift */ = {isa = PBXFileReference; lastKnownFileType = sourcecode.swift; path = AlarmView.swift; sourceTree = "<group>"; };
		8F78DB9B2A4C04A20004F195 /* Alarm.swift */ = {isa = PBXFileReference; lastKnownFileType = sourcecode.swift; path = Alarm.swift; sourceTree = "<group>"; };
		8F78DB9D2A4C06820004F195 /* AlarmCell.swift */ = {isa = PBXFileReference; lastKnownFileType = sourcecode.swift; path = AlarmCell.swift; sourceTree = "<group>"; };
		8F78DBA02A4C0B340004F195 /* StudyIntroduceView.swift */ = {isa = PBXFileReference; lastKnownFileType = sourcecode.swift; path = StudyIntroduceView.swift; sourceTree = "<group>"; };
		8F7D0C0E2A52A7670073457A /* BookmarkView.swift */ = {isa = PBXFileReference; lastKnownFileType = sourcecode.swift; path = BookmarkView.swift; sourceTree = "<group>"; };
		8F7D0C102A52A76C0073457A /* SettingView.swift */ = {isa = PBXFileReference; lastKnownFileType = sourcecode.swift; path = SettingView.swift; sourceTree = "<group>"; };
		8F7D0C122A52A9DB0073457A /* BookmarkCellView.swift */ = {isa = PBXFileReference; lastKnownFileType = sourcecode.swift; path = BookmarkCellView.swift; sourceTree = "<group>"; };
		8F8A67162A39755E00467936 /* Mogong.app */ = {isa = PBXFileReference; explicitFileType = wrapper.application; includeInIndex = 0; path = Mogong.app; sourceTree = BUILT_PRODUCTS_DIR; };
		8F8A67192A39755E00467936 /* MogongApp.swift */ = {isa = PBXFileReference; lastKnownFileType = sourcecode.swift; path = MogongApp.swift; sourceTree = "<group>"; };
		8F8A671D2A39756000467936 /* Assets.xcassets */ = {isa = PBXFileReference; lastKnownFileType = folder.assetcatalog; path = Assets.xcassets; sourceTree = "<group>"; };
		8F8A67202A39756000467936 /* Preview Assets.xcassets */ = {isa = PBXFileReference; lastKnownFileType = folder.assetcatalog; path = "Preview Assets.xcassets"; sourceTree = "<group>"; };
		8F8A672C2A39762F00467936 /* Study.swift */ = {isa = PBXFileReference; lastKnownFileType = sourcecode.swift; path = Study.swift; sourceTree = "<group>"; };
		8F8A672E2A39763400467936 /* Rank.swift */ = {isa = PBXFileReference; lastKnownFileType = sourcecode.swift; path = Rank.swift; sourceTree = "<group>"; };
		8F8A67302A39763800467936 /* User.swift */ = {isa = PBXFileReference; lastKnownFileType = sourcecode.swift; path = User.swift; sourceTree = "<group>"; };
		8F8A67322A39764300467936 /* TempHomeView.swift */ = {isa = PBXFileReference; lastKnownFileType = sourcecode.swift; path = TempHomeView.swift; sourceTree = "<group>"; };
		8F8A67342A39764D00467936 /* AuthView.swift */ = {isa = PBXFileReference; lastKnownFileType = sourcecode.swift; path = AuthView.swift; sourceTree = "<group>"; };
		8F8A67362A39765700467936 /* StudyViewModel.swift */ = {isa = PBXFileReference; lastKnownFileType = sourcecode.swift; path = StudyViewModel.swift; sourceTree = "<group>"; };
		8F8A67382A39765D00467936 /* RankViewModel.swift */ = {isa = PBXFileReference; lastKnownFileType = sourcecode.swift; path = RankViewModel.swift; sourceTree = "<group>"; };
		8F8A673A2A39766300467936 /* UserViewModel.swift */ = {isa = PBXFileReference; lastKnownFileType = sourcecode.swift; path = UserViewModel.swift; sourceTree = "<group>"; };
		8F8A673C2A39766B00467936 /* AuthViewModel.swift */ = {isa = PBXFileReference; lastKnownFileType = sourcecode.swift; path = AuthViewModel.swift; sourceTree = "<group>"; };
		8F8A673E2A39767200467936 /* Login.swift */ = {isa = PBXFileReference; lastKnownFileType = sourcecode.swift; path = Login.swift; sourceTree = "<group>"; };
		8F8A67402A39767B00467936 /* Date+Conversion.swift */ = {isa = PBXFileReference; lastKnownFileType = sourcecode.swift; path = "Date+Conversion.swift"; sourceTree = "<group>"; };
		8F8A67422A39768700467936 /* UserView.swift */ = {isa = PBXFileReference; lastKnownFileType = sourcecode.swift; path = UserView.swift; sourceTree = "<group>"; };
		8F8A67442A39773600467936 /* ContentView.swift */ = {isa = PBXFileReference; lastKnownFileType = sourcecode.swift; path = ContentView.swift; sourceTree = "<group>"; };
		8F8A674D2A39D97B00467936 /* Info.plist */ = {isa = PBXFileReference; lastKnownFileType = text.plist.xml; path = Info.plist; sourceTree = "<group>"; };
		8F8A675A2A3ABFA200467936 /* Mogong.entitlements */ = {isa = PBXFileReference; lastKnownFileType = text.plist.entitlements; path = Mogong.entitlements; sourceTree = "<group>"; };
		8F8A675E2A3AE30900467936 /* SocialLoginView.swift */ = {isa = PBXFileReference; lastKnownFileType = sourcecode.swift; path = SocialLoginView.swift; sourceTree = "<group>"; };
		8F8A67622A3B24DF00467936 /* GoogleService-Info.plist */ = {isa = PBXFileReference; fileEncoding = 4; lastKnownFileType = text.plist.xml; path = "GoogleService-Info.plist"; sourceTree = "<group>"; };
		8F8A67642A3B2EBB00467936 /* UsernameView.swift */ = {isa = PBXFileReference; lastKnownFileType = sourcecode.swift; path = UsernameView.swift; sourceTree = "<group>"; };
		8F8A67692A42CD5100467936 /* StudyListView.swift */ = {isa = PBXFileReference; lastKnownFileType = sourcecode.swift; path = StudyListView.swift; sourceTree = "<group>"; };
		8F8A676B2A42CD6D00467936 /* MyStudyView.swift */ = {isa = PBXFileReference; lastKnownFileType = sourcecode.swift; path = MyStudyView.swift; sourceTree = "<group>"; };
		8F8A676D2A42D16800467936 /* StudyListCell.swift */ = {isa = PBXFileReference; lastKnownFileType = sourcecode.swift; path = StudyListCell.swift; sourceTree = "<group>"; };
		8F8CA8412A4D0C9D002E8D15 /* Pretendard-Regular.otf */ = {isa = PBXFileReference; lastKnownFileType = file; path = "Pretendard-Regular.otf"; sourceTree = "<group>"; };
		8F8CA8422A4D0C9D002E8D15 /* Pretendard-ExtraBold.otf */ = {isa = PBXFileReference; lastKnownFileType = file; path = "Pretendard-ExtraBold.otf"; sourceTree = "<group>"; };
		8F8CA8432A4D0C9D002E8D15 /* Pretendard-Medium.otf */ = {isa = PBXFileReference; lastKnownFileType = file; path = "Pretendard-Medium.otf"; sourceTree = "<group>"; };
		8F8CA8442A4D0C9D002E8D15 /* Pretendard-SemiBold.otf */ = {isa = PBXFileReference; lastKnownFileType = file; path = "Pretendard-SemiBold.otf"; sourceTree = "<group>"; };
		8F8CA8452A4D0C9D002E8D15 /* Pretendard-ExtraLight.otf */ = {isa = PBXFileReference; lastKnownFileType = file; path = "Pretendard-ExtraLight.otf"; sourceTree = "<group>"; };
		8F8CA8462A4D0C9D002E8D15 /* Pretendard-Light.otf */ = {isa = PBXFileReference; lastKnownFileType = file; path = "Pretendard-Light.otf"; sourceTree = "<group>"; };
		8F8CA8472A4D0C9D002E8D15 /* Pretendard-Black.otf */ = {isa = PBXFileReference; lastKnownFileType = file; path = "Pretendard-Black.otf"; sourceTree = "<group>"; };
		8F8CA8482A4D0C9D002E8D15 /* Pretendard-Bold.otf */ = {isa = PBXFileReference; lastKnownFileType = file; path = "Pretendard-Bold.otf"; sourceTree = "<group>"; };
		8F8CA8492A4D0C9D002E8D15 /* Pretendard-Thin.otf */ = {isa = PBXFileReference; lastKnownFileType = file; path = "Pretendard-Thin.otf"; sourceTree = "<group>"; };
		8F8CA84A2A4D0CAD002E8D15 /* Font+Pretendard.swift */ = {isa = PBXFileReference; lastKnownFileType = sourcecode.swift; path = "Font+Pretendard.swift"; sourceTree = "<group>"; };
		8F8CA8562A4D1E93002E8D15 /* CheckLabel.swift */ = {isa = PBXFileReference; lastKnownFileType = sourcecode.swift; path = CheckLabel.swift; sourceTree = "<group>"; };
		8F8CA8582A4D5D65002E8D15 /* MyStudyDetailView.swift */ = {isa = PBXFileReference; lastKnownFileType = sourcecode.swift; path = MyStudyDetailView.swift; sourceTree = "<group>"; };
		8FA027FF2A5BC865001B17F6 /* ApplicationListView.swift */ = {isa = PBXFileReference; lastKnownFileType = sourcecode.swift; path = ApplicationListView.swift; sourceTree = "<group>"; };
		8FA028012A5BD3EC001B17F6 /* ApplicationDetailView.swift */ = {isa = PBXFileReference; lastKnownFileType = sourcecode.swift; path = ApplicationDetailView.swift; sourceTree = "<group>"; };
		8FD8C1FD2A4BABCD00F21DD1 /* ChatListView.swift */ = {isa = PBXFileReference; lastKnownFileType = sourcecode.swift; path = ChatListView.swift; sourceTree = "<group>"; };
		8FD8C1FF2A4BABD300F21DD1 /* ChatView.swift */ = {isa = PBXFileReference; lastKnownFileType = sourcecode.swift; path = ChatView.swift; sourceTree = "<group>"; };
		8FD8C2012A4BAC6400F21DD1 /* Chat.swift */ = {isa = PBXFileReference; lastKnownFileType = sourcecode.swift; path = Chat.swift; sourceTree = "<group>"; };
		8FD8C2032A4BADB300F21DD1 /* ChatListCell.swift */ = {isa = PBXFileReference; lastKnownFileType = sourcecode.swift; path = ChatListCell.swift; sourceTree = "<group>"; };
		8FD8C2052A4BAF6D00F21DD1 /* Message.swift */ = {isa = PBXFileReference; lastKnownFileType = sourcecode.swift; path = Message.swift; sourceTree = "<group>"; };
		8FE5168F2A4868120059D720 /* CreateStudy.swift */ = {isa = PBXFileReference; lastKnownFileType = sourcecode.swift; path = CreateStudy.swift; sourceTree = "<group>"; };
		8FE516922A4913450059D720 /* SelectButton.swift */ = {isa = PBXFileReference; lastKnownFileType = sourcecode.swift; path = SelectButton.swift; sourceTree = "<group>"; };
		8FE516942A4913700059D720 /* SingleLineTextField.swift */ = {isa = PBXFileReference; lastKnownFileType = sourcecode.swift; path = SingleLineTextField.swift; sourceTree = "<group>"; };
		8FE516962A49138E0059D720 /* MultiLineTextField.swift */ = {isa = PBXFileReference; lastKnownFileType = sourcecode.swift; path = MultiLineTextField.swift; sourceTree = "<group>"; };
		8FE5169A2A492EAF0059D720 /* Language.swift */ = {isa = PBXFileReference; lastKnownFileType = sourcecode.swift; path = Language.swift; sourceTree = "<group>"; };
		8FE5169C2A4965310059D720 /* Application.swift */ = {isa = PBXFileReference; lastKnownFileType = sourcecode.swift; path = Application.swift; sourceTree = "<group>"; };
		8FE5169E2A4965F40059D720 /* ApplicationView.swift */ = {isa = PBXFileReference; lastKnownFileType = sourcecode.swift; path = ApplicationView.swift; sourceTree = "<group>"; };
		8FE516A02A4969DA0059D720 /* StudyDetailView.swift */ = {isa = PBXFileReference; lastKnownFileType = sourcecode.swift; path = StudyDetailView.swift; sourceTree = "<group>"; };
		8FE516A22A4973280059D720 /* MemberIntroductionView.swift */ = {isa = PBXFileReference; lastKnownFileType = sourcecode.swift; path = MemberIntroductionView.swift; sourceTree = "<group>"; };
		8FE516A42A4989030059D720 /* HashtagView.swift */ = {isa = PBXFileReference; lastKnownFileType = sourcecode.swift; path = HashtagView.swift; sourceTree = "<group>"; };
		8FF09EDE2A569B6900630F19 /* HStakTeamMemberView.swift */ = {isa = PBXFileReference; lastKnownFileType = sourcecode.swift; path = HStakTeamMemberView.swift; sourceTree = "<group>"; };
		8FF09EE02A569B7200630F19 /* HStackNewTeamMemberView.swift */ = {isa = PBXFileReference; lastKnownFileType = sourcecode.swift; path = HStackNewTeamMemberView.swift; sourceTree = "<group>"; };
		8FF09EE22A56A06800630F19 /* RemoveMemberView.swift */ = {isa = PBXFileReference; lastKnownFileType = sourcecode.swift; path = RemoveMemberView.swift; sourceTree = "<group>"; };
		8FF09EE42A56A99400630F19 /* RemoveReasonView.swift */ = {isa = PBXFileReference; lastKnownFileType = sourcecode.swift; path = RemoveReasonView.swift; sourceTree = "<group>"; };
		8FF09EE82A570AEB00630F19 /* VStakTeamMemberView.swift */ = {isa = PBXFileReference; lastKnownFileType = sourcecode.swift; path = VStakTeamMemberView.swift; sourceTree = "<group>"; };
		8FF09EEA2A570B5300630F19 /* VStackNewTeamMemberView.swift */ = {isa = PBXFileReference; lastKnownFileType = sourcecode.swift; path = VStackNewTeamMemberView.swift; sourceTree = "<group>"; };
		8FF09EEC2A5934EC00630F19 /* View+hideKeyboard.swift */ = {isa = PBXFileReference; lastKnownFileType = sourcecode.swift; path = "View+hideKeyboard.swift"; sourceTree = "<group>"; };
		8FF2796B2A5BF4DB003B325F /* UserService.swift */ = {isa = PBXFileReference; lastKnownFileType = sourcecode.swift; path = UserService.swift; sourceTree = "<group>"; };
		8FF2796D2A5BF500003B325F /* StudyService.swift */ = {isa = PBXFileReference; lastKnownFileType = sourcecode.swift; path = StudyService.swift; sourceTree = "<group>"; };
		8FF2796F2A5BF507003B325F /* ApplicationService.swift */ = {isa = PBXFileReference; lastKnownFileType = sourcecode.swift; path = ApplicationService.swift; sourceTree = "<group>"; };
		8FF279772A5CDC2D003B325F /* Config.xcconfig */ = {isa = PBXFileReference; lastKnownFileType = text.xcconfig; path = Config.xcconfig; sourceTree = "<group>"; };
		8FF418A22A4D7B0B0090FA34 /* AppDelegate.swift */ = {isa = PBXFileReference; lastKnownFileType = sourcecode.swift; path = AppDelegate.swift; sourceTree = "<group>"; };
		8FF418A42A4D7C6E0090FA34 /* UserPageView.swift */ = {isa = PBXFileReference; lastKnownFileType = sourcecode.swift; path = UserPageView.swift; sourceTree = "<group>"; };
		8FF418A62A4D7E650090FA34 /* ApplicationViewModel.swift */ = {isa = PBXFileReference; lastKnownFileType = sourcecode.swift; path = ApplicationViewModel.swift; sourceTree = "<group>"; };
		D667EF6094CA2926C5A20B00 /* Pods-Mogong.release.xcconfig */ = {isa = PBXFileReference; includeInIndex = 1; lastKnownFileType = text.xcconfig; name = "Pods-Mogong.release.xcconfig"; path = "Target Support Files/Pods-Mogong/Pods-Mogong.release.xcconfig"; sourceTree = "<group>"; };
/* End PBXFileReference section */

/* Begin PBXFrameworksBuildPhase section */
		8F8A67132A39755E00467936 /* Frameworks */ = {
			isa = PBXFrameworksBuildPhase;
			buildActionMask = 2147483647;
			files = (
				936083925F226246A2A6DD2D /* Pods_Mogong.framework in Frameworks */,
			);
			runOnlyForDeploymentPostprocessing = 0;
		};
/* End PBXFrameworksBuildPhase section */

/* Begin PBXGroup section */
		5CFBC2FA2A5969460021B6EC /* Home */ = {
			isa = PBXGroup;
			children = (
				5C11C9632A53F5A500618943 /* HomeView.swift */,
				5CFBC2FB2A5969A60021B6EC /* CompletedStudyCell.swift */,
				5CFBC2FD2A5969B40021B6EC /* ClippyStudyCell.swift */,
				5CFBC2FF2A5969C80021B6EC /* ClippyStudyView.swift */,
				5CFBC3012A5969D40021B6EC /* CompletedStudyView.swift */,
				5CFBC3032A596F8F0021B6EC /* TopBarView.swift */,
				5CFBC3052A596FA40021B6EC /* TabBarView.swift */,
			);
			path = Home;
			sourceTree = "<group>";
		};
		8C553550B3D6F9F48E9D5446 /* Frameworks */ = {
			isa = PBXGroup;
			children = (
				43543764F7659697C75D1DC0 /* Pods_Mogong.framework */,
			);
			name = Frameworks;
			sourceTree = "<group>";
		};
		8F78DB9F2A4C06830004F195 /* Alarm */ = {
			isa = PBXGroup;
			children = (
				8F78DB992A4C04490004F195 /* AlarmView.swift */,
				8F78DB9D2A4C06820004F195 /* AlarmCell.swift */,
			);
			path = Alarm;
			sourceTree = "<group>";
		};
		8F7D0C0A2A52A7340073457A /* MyPage */ = {
			isa = PBXGroup;
			children = (
				8F8A67422A39768700467936 /* UserView.swift */,
				8F7D0C0E2A52A7670073457A /* BookmarkView.swift */,
				8F7D0C122A52A9DB0073457A /* BookmarkCellView.swift */,
				8F7D0C102A52A76C0073457A /* SettingView.swift */,
			);
			path = MyPage;
			sourceTree = "<group>";
		};
		8F8A670D2A39755E00467936 = {
			isa = PBXGroup;
			children = (
				8FF279772A5CDC2D003B325F /* Config.xcconfig */,
				8F8A67182A39755E00467936 /* Mogong */,
				8F8A67172A39755E00467936 /* Products */,
				E87B95DDFFF3746F3B31FFB7 /* Pods */,
				8C553550B3D6F9F48E9D5446 /* Frameworks */,
			);
			sourceTree = "<group>";
		};
		8F8A67172A39755E00467936 /* Products */ = {
			isa = PBXGroup;
			children = (
				8F8A67162A39755E00467936 /* Mogong.app */,
			);
			name = Products;
			sourceTree = "<group>";
		};
		8F8A67182A39755E00467936 /* Mogong */ = {
			isa = PBXGroup;
			children = (
				8F8A675A2A3ABFA200467936 /* Mogong.entitlements */,
				8F8CA83A2A4D0B17002E8D15 /* Sources */,
				8F8CA83B2A4D0B18002E8D15 /* Resources */,
				8F8CA83C2A4D0B19002E8D15 /* Supporting Files */,
			);
			path = Mogong;
			sourceTree = "<group>";
		};
		8F8A671F2A39756000467936 /* Preview Content */ = {
			isa = PBXGroup;
			children = (
				8F8A67202A39756000467936 /* Preview Assets.xcassets */,
			);
			path = "Preview Content";
			sourceTree = "<group>";
		};
		8F8A67272A3975E400467936 /* Service */ = {
			isa = PBXGroup;
			children = (
				8FF2796B2A5BF4DB003B325F /* UserService.swift */,
				8FF2796D2A5BF500003B325F /* StudyService.swift */,
				8FF2796F2A5BF507003B325F /* ApplicationService.swift */,
			);
			name = Service;
			path = ..;
			sourceTree = "<group>";
		};
		8F8A67282A3975E500467936 /* Model */ = {
			isa = PBXGroup;
			children = (
				8F8A673E2A39767200467936 /* Login.swift */,
				8F8A672C2A39762F00467936 /* Study.swift */,
				8F8A672E2A39763400467936 /* Rank.swift */,
				8F8A67302A39763800467936 /* User.swift */,
				8FD8C2012A4BAC6400F21DD1 /* Chat.swift */,
				8FD8C2052A4BAF6D00F21DD1 /* Message.swift */,
				8FE5169A2A492EAF0059D720 /* Language.swift */,
				8FE5169C2A4965310059D720 /* Application.swift */,
				8F78DB9B2A4C04A20004F195 /* Alarm.swift */,
			);
			path = Model;
			sourceTree = "<group>";
		};
		8F8A67292A3975E500467936 /* View */ = {
			isa = PBXGroup;
			children = (
				8F8A67442A39773600467936 /* ContentView.swift */,
				8F8A675B2A3AE14D00467936 /* Authentication */,
				8F8A67322A39764300467936 /* TempHomeView.swift */,
				8F78DBA02A4C0B340004F195 /* StudyIntroduceView.swift */,
				8FD8C1FC2A4BABB600F21DD1 /* Chat */,
				8F78DB9F2A4C06830004F195 /* Alarm */,
				8FE5168E2A4868010059D720 /* StudyList */,
				8F8CA8552A4D18BB002E8D15 /* MyStudy */,
				8F7D0C0A2A52A7340073457A /* MyPage */,
				8FE516912A4912DC0059D720 /* Components */,
			);
			path = View;
			sourceTree = "<group>";
		};
		8F8A672A2A3975E600467936 /* Utils */ = {
			isa = PBXGroup;
			children = (
				8F8A67402A39767B00467936 /* Date+Conversion.swift */,
				8FF09EEC2A5934EC00630F19 /* View+hideKeyboard.swift */,
			);
			path = Utils;
			sourceTree = "<group>";
		};
		8F8A672B2A3975E600467936 /* ViewModel */ = {
			isa = PBXGroup;
			children = (
				8F8A673C2A39766B00467936 /* AuthViewModel.swift */,
				8F8A67362A39765700467936 /* StudyViewModel.swift */,
				8F8A67382A39765D00467936 /* RankViewModel.swift */,
				8F8A673A2A39766300467936 /* UserViewModel.swift */,
				8F78DB932A4BC9E20004F195 /* ChatViewModel.swift */,
				8FF418A62A4D7E650090FA34 /* ApplicationViewModel.swift */,
			);
			path = ViewModel;
			sourceTree = "<group>";
		};
		8F8A675B2A3AE14D00467936 /* Authentication */ = {
			isa = PBXGroup;
			children = (
				8F8A67342A39764D00467936 /* AuthView.swift */,
				8F8A675E2A3AE30900467936 /* SocialLoginView.swift */,
				8F8A67642A3B2EBB00467936 /* UsernameView.swift */,
			);
			path = Authentication;
			sourceTree = "<group>";
		};
		8F8CA83A2A4D0B17002E8D15 /* Sources */ = {
			isa = PBXGroup;
			children = (
				5CFBC2FA2A5969460021B6EC /* Home */,
				8F8A67192A39755E00467936 /* MogongApp.swift */,
				8FF418A22A4D7B0B0090FA34 /* AppDelegate.swift */,
				8F8A67272A3975E400467936 /* Service */,
				8F8A67282A3975E500467936 /* Model */,
				8F8A67292A3975E500467936 /* View */,
				8F8A672B2A3975E600467936 /* ViewModel */,
				8F8A672A2A3975E600467936 /* Utils */,
			);
			path = Sources;
			sourceTree = "<group>";
		};
		8F8CA83B2A4D0B18002E8D15 /* Resources */ = {
			isa = PBXGroup;
			children = (
				8F8CA8402A4D0C69002E8D15 /* Image */,
				8F8CA83F2A4D0C67002E8D15 /* Font */,
				8F8CA83E2A4D0C64002E8D15 /* Launch Screen */,
				8F8CA83D2A4D0C5D002E8D15 /* Color */,
			);
			path = Resources;
			sourceTree = "<group>";
		};
		8F8CA83C2A4D0B19002E8D15 /* Supporting Files */ = {
			isa = PBXGroup;
			children = (
				8F8A674D2A39D97B00467936 /* Info.plist */,
				8F8A67622A3B24DF00467936 /* GoogleService-Info.plist */,
				8F8A671F2A39756000467936 /* Preview Content */,
			);
			path = "Supporting Files";
			sourceTree = "<group>";
		};
		8F8CA83D2A4D0C5D002E8D15 /* Color */ = {
			isa = PBXGroup;
			children = (
			);
			path = Color;
			sourceTree = "<group>";
		};
		8F8CA83E2A4D0C64002E8D15 /* Launch Screen */ = {
			isa = PBXGroup;
			children = (
			);
			path = "Launch Screen";
			sourceTree = "<group>";
		};
		8F8CA83F2A4D0C67002E8D15 /* Font */ = {
			isa = PBXGroup;
			children = (
				8F8CA8472A4D0C9D002E8D15 /* Pretendard-Black.otf */,
				8F8CA8482A4D0C9D002E8D15 /* Pretendard-Bold.otf */,
				8F8CA8422A4D0C9D002E8D15 /* Pretendard-ExtraBold.otf */,
				8F8CA8452A4D0C9D002E8D15 /* Pretendard-ExtraLight.otf */,
				8F8CA8462A4D0C9D002E8D15 /* Pretendard-Light.otf */,
				8F8CA8432A4D0C9D002E8D15 /* Pretendard-Medium.otf */,
				8F8CA8412A4D0C9D002E8D15 /* Pretendard-Regular.otf */,
				8F8CA8442A4D0C9D002E8D15 /* Pretendard-SemiBold.otf */,
				8F8CA8492A4D0C9D002E8D15 /* Pretendard-Thin.otf */,
				8F8CA84A2A4D0CAD002E8D15 /* Font+Pretendard.swift */,
			);
			path = Font;
			sourceTree = "<group>";
		};
		8F8CA8402A4D0C69002E8D15 /* Image */ = {
			isa = PBXGroup;
			children = (
				8F8A671D2A39756000467936 /* Assets.xcassets */,
			);
			path = Image;
			sourceTree = "<group>";
		};
		8F8CA8552A4D18BB002E8D15 /* MyStudy */ = {
			isa = PBXGroup;
			children = (
				8F8A676B2A42CD6D00467936 /* MyStudyView.swift */,
				8FF09EE22A56A06800630F19 /* RemoveMemberView.swift */,
				8FF09EE42A56A99400630F19 /* RemoveReasonView.swift */,
				8F8CA8582A4D5D65002E8D15 /* MyStudyDetailView.swift */,
				8FF418A42A4D7C6E0090FA34 /* UserPageView.swift */,
				8FA027FF2A5BC865001B17F6 /* ApplicationListView.swift */,
				8FA028012A5BD3EC001B17F6 /* ApplicationDetailView.swift */,
			);
			path = MyStudy;
			sourceTree = "<group>";
		};
		8FD8C1FC2A4BABB600F21DD1 /* Chat */ = {
			isa = PBXGroup;
			children = (
				8FD8C1FD2A4BABCD00F21DD1 /* ChatListView.swift */,
				8FD8C2032A4BADB300F21DD1 /* ChatListCell.swift */,
				8FD8C1FF2A4BABD300F21DD1 /* ChatView.swift */,
			);
			path = Chat;
			sourceTree = "<group>";
		};
		8FE5168E2A4868010059D720 /* StudyList */ = {
			isa = PBXGroup;
			children = (
				8F8A67692A42CD5100467936 /* StudyListView.swift */,
				8F8A676D2A42D16800467936 /* StudyListCell.swift */,
				8FE5168F2A4868120059D720 /* CreateStudy.swift */,
				8FE5169E2A4965F40059D720 /* ApplicationView.swift */,
				8FE516A02A4969DA0059D720 /* StudyDetailView.swift */,
				8FE516A22A4973280059D720 /* MemberIntroductionView.swift */,
			);
			path = StudyList;
			sourceTree = "<group>";
		};
		8FE516912A4912DC0059D720 /* Components */ = {
			isa = PBXGroup;
			children = (
				8FE516922A4913450059D720 /* SelectButton.swift */,
				8FE516942A4913700059D720 /* SingleLineTextField.swift */,
				8FE516962A49138E0059D720 /* MultiLineTextField.swift */,
				8FE516A42A4989030059D720 /* HashtagView.swift */,
				8F8CA8562A4D1E93002E8D15 /* CheckLabel.swift */,
				8F4125562A55029D005B5A1E /* NaviBackButton.swift */,
				8FF09EE82A570AEB00630F19 /* VStakTeamMemberView.swift */,
				8FF09EEA2A570B5300630F19 /* VStackNewTeamMemberView.swift */,
				8FF09EDE2A569B6900630F19 /* HStakTeamMemberView.swift */,
				8FF09EE02A569B7200630F19 /* HStackNewTeamMemberView.swift */,
			);
			path = Components;
			sourceTree = "<group>";
		};
		E87B95DDFFF3746F3B31FFB7 /* Pods */ = {
			isa = PBXGroup;
			children = (
				8C495DE2ED845CC16581FE5B /* Pods-Mogong.debug.xcconfig */,
				D667EF6094CA2926C5A20B00 /* Pods-Mogong.release.xcconfig */,
			);
			path = Pods;
			sourceTree = "<group>";
		};
/* End PBXGroup section */

/* Begin PBXNativeTarget section */
		8F8A67152A39755E00467936 /* Mogong */ = {
			isa = PBXNativeTarget;
			buildConfigurationList = 8F8A67242A39756000467936 /* Build configuration list for PBXNativeTarget "Mogong" */;
			buildPhases = (
				2331CC238643A26D5AAC665E /* [CP] Check Pods Manifest.lock */,
				8F8A67122A39755E00467936 /* Sources */,
				8F8A67132A39755E00467936 /* Frameworks */,
				8F8A67142A39755E00467936 /* Resources */,
				E3D95C862BD99A57577FAA84 /* [CP] Embed Pods Frameworks */,
			);
			buildRules = (
			);
			dependencies = (
			);
			name = Mogong;
			productName = Mogong;
			productReference = 8F8A67162A39755E00467936 /* Mogong.app */;
			productType = "com.apple.product-type.application";
		};
/* End PBXNativeTarget section */

/* Begin PBXProject section */
		8F8A670E2A39755E00467936 /* Project object */ = {
			isa = PBXProject;
			attributes = {
				BuildIndependentTargetsInParallel = 1;
				LastSwiftUpdateCheck = 1430;
				LastUpgradeCheck = 1430;
				TargetAttributes = {
					8F8A67152A39755E00467936 = {
						CreatedOnToolsVersion = 14.3.1;
					};
				};
			};
			buildConfigurationList = 8F8A67112A39755E00467936 /* Build configuration list for PBXProject "Mogong" */;
			compatibilityVersion = "Xcode 14.0";
			developmentRegion = en;
			hasScannedForEncodings = 0;
			knownRegions = (
				en,
				Base,
			);
			mainGroup = 8F8A670D2A39755E00467936;
			productRefGroup = 8F8A67172A39755E00467936 /* Products */;
			projectDirPath = "";
			projectRoot = "";
			targets = (
				8F8A67152A39755E00467936 /* Mogong */,
			);
		};
/* End PBXProject section */

/* Begin PBXResourcesBuildPhase section */
		8F8A67142A39755E00467936 /* Resources */ = {
			isa = PBXResourcesBuildPhase;
			buildActionMask = 2147483647;
			files = (
				8F8CA8532A4D1161002E8D15 /* Pretendard-SemiBold.otf in Resources */,
				8F8CA84F2A4D1157002E8D15 /* Pretendard-ExtraLight.otf in Resources */,
				8F8CA8502A4D115A002E8D15 /* Pretendard-Light.otf in Resources */,
				8F8CA8542A4D1162002E8D15 /* Pretendard-Thin.otf in Resources */,
				8F8A67212A39756000467936 /* Preview Assets.xcassets in Resources */,
				8F8CA84D2A4D1153002E8D15 /* Pretendard-Bold.otf in Resources */,
				8F8CA84E2A4D1155002E8D15 /* Pretendard-ExtraBold.otf in Resources */,
				8F8A671E2A39756000467936 /* Assets.xcassets in Resources */,
				8F8CA84C2A4D1151002E8D15 /* Pretendard-Black.otf in Resources */,
				8F8CA8522A4D115E002E8D15 /* Pretendard-Regular.otf in Resources */,
				8F8A67632A3B24DF00467936 /* GoogleService-Info.plist in Resources */,
				8F8CA8512A4D115C002E8D15 /* Pretendard-Medium.otf in Resources */,
			);
			runOnlyForDeploymentPostprocessing = 0;
		};
/* End PBXResourcesBuildPhase section */

/* Begin PBXShellScriptBuildPhase section */
		2331CC238643A26D5AAC665E /* [CP] Check Pods Manifest.lock */ = {
			isa = PBXShellScriptBuildPhase;
			buildActionMask = 2147483647;
			files = (
			);
			inputFileListPaths = (
			);
			inputPaths = (
				"${PODS_PODFILE_DIR_PATH}/Podfile.lock",
				"${PODS_ROOT}/Manifest.lock",
			);
			name = "[CP] Check Pods Manifest.lock";
			outputFileListPaths = (
			);
			outputPaths = (
				"$(DERIVED_FILE_DIR)/Pods-Mogong-checkManifestLockResult.txt",
			);
			runOnlyForDeploymentPostprocessing = 0;
			shellPath = /bin/sh;
			shellScript = "diff \"${PODS_PODFILE_DIR_PATH}/Podfile.lock\" \"${PODS_ROOT}/Manifest.lock\" > /dev/null\nif [ $? != 0 ] ; then\n    # print error to STDERR\n    echo \"error: The sandbox is not in sync with the Podfile.lock. Run 'pod install' or update your CocoaPods installation.\" >&2\n    exit 1\nfi\n# This output is used by Xcode 'outputs' to avoid re-running this script phase.\necho \"SUCCESS\" > \"${SCRIPT_OUTPUT_FILE_0}\"\n";
			showEnvVarsInLog = 0;
		};
		E3D95C862BD99A57577FAA84 /* [CP] Embed Pods Frameworks */ = {
			isa = PBXShellScriptBuildPhase;
			buildActionMask = 2147483647;
			files = (
			);
			inputFileListPaths = (
				"${PODS_ROOT}/Target Support Files/Pods-Mogong/Pods-Mogong-frameworks-${CONFIGURATION}-input-files.xcfilelist",
			);
			name = "[CP] Embed Pods Frameworks";
			outputFileListPaths = (
				"${PODS_ROOT}/Target Support Files/Pods-Mogong/Pods-Mogong-frameworks-${CONFIGURATION}-output-files.xcfilelist",
			);
			runOnlyForDeploymentPostprocessing = 0;
			shellPath = /bin/sh;
			shellScript = "\"${PODS_ROOT}/Target Support Files/Pods-Mogong/Pods-Mogong-frameworks.sh\"\n";
			showEnvVarsInLog = 0;
		};
/* End PBXShellScriptBuildPhase section */

/* Begin PBXSourcesBuildPhase section */
		8F8A67122A39755E00467936 /* Sources */ = {
			isa = PBXSourcesBuildPhase;
			buildActionMask = 2147483647;
			files = (
				8FE516952A4913700059D720 /* SingleLineTextField.swift in Sources */,
				8F8A676A2A42CD5100467936 /* StudyListView.swift in Sources */,
				8F8A67652A3B2EBB00467936 /* UsernameView.swift in Sources */,
				8F8A672D2A39762F00467936 /* Study.swift in Sources */,
				8FD8C2002A4BABD300F21DD1 /* ChatView.swift in Sources */,
				5CFBC3002A5969C80021B6EC /* ClippyStudyView.swift in Sources */,
				5CFBC3022A5969D40021B6EC /* CompletedStudyView.swift in Sources */,
				8FD8C1FE2A4BABCD00F21DD1 /* ChatListView.swift in Sources */,
				8FF09EE32A56A06800630F19 /* RemoveMemberView.swift in Sources */,
				8F78DB9E2A4C06820004F195 /* AlarmCell.swift in Sources */,
				5CFBC2FC2A5969A60021B6EC /* CompletedStudyCell.swift in Sources */,
				5CFBC3042A596F8F0021B6EC /* TopBarView.swift in Sources */,
				8FE516932A4913460059D720 /* SelectButton.swift in Sources */,
				8FE516A52A4989030059D720 /* HashtagView.swift in Sources */,
				8FA028022A5BD3EC001B17F6 /* ApplicationDetailView.swift in Sources */,
				8FF09EEB2A570B5300630F19 /* VStackNewTeamMemberView.swift in Sources */,
				8FF09EE92A570AEB00630F19 /* VStakTeamMemberView.swift in Sources */,
				8F8A67392A39765D00467936 /* RankViewModel.swift in Sources */,
				8FD8C2042A4BADB300F21DD1 /* ChatListCell.swift in Sources */,
				8FE516972A49138E0059D720 /* MultiLineTextField.swift in Sources */,
				8F8A67452A39773600467936 /* ContentView.swift in Sources */,
				8FE5169D2A4965310059D720 /* Application.swift in Sources */,
				8F7D0C132A52A9DB0073457A /* BookmarkCellView.swift in Sources */,
				8FA028002A5BC865001B17F6 /* ApplicationListView.swift in Sources */,
				8F8A673D2A39766B00467936 /* AuthViewModel.swift in Sources */,
				8F8CA8572A4D1E93002E8D15 /* CheckLabel.swift in Sources */,
				8FE5169F2A4965F40059D720 /* ApplicationView.swift in Sources */,
				8F8A676C2A42CD6D00467936 /* MyStudyView.swift in Sources */,
				5CFBC3062A596FA40021B6EC /* TabBarView.swift in Sources */,
				8F78DB942A4BC9E20004F195 /* ChatViewModel.swift in Sources */,
				8FF09EE12A569B7200630F19 /* HStackNewTeamMemberView.swift in Sources */,
				8F78DB9A2A4C04490004F195 /* AlarmView.swift in Sources */,
				8FF418A32A4D7B0B0090FA34 /* AppDelegate.swift in Sources */,
				8FE516902A4868120059D720 /* CreateStudy.swift in Sources */,
				8FF279702A5BF507003B325F /* ApplicationService.swift in Sources */,
				8FF09EE52A56A99400630F19 /* RemoveReasonView.swift in Sources */,
				8F8A673F2A39767200467936 /* Login.swift in Sources */,
				8F8A675F2A3AE30900467936 /* SocialLoginView.swift in Sources */,
				8F78DBA12A4C0B340004F195 /* StudyIntroduceView.swift in Sources */,
				8FD8C2022A4BAC6400F21DD1 /* Chat.swift in Sources */,
				8FD8C2062A4BAF6D00F21DD1 /* Message.swift in Sources */,
				8F8A67352A39764D00467936 /* AuthView.swift in Sources */,
				5C11C9642A53F5A500618943 /* HomeView.swift in Sources */,
				8F7D0C0F2A52A7670073457A /* BookmarkView.swift in Sources */,
				8FF418A52A4D7C6E0090FA34 /* UserPageView.swift in Sources */,
				8F78DB9C2A4C04A20004F195 /* Alarm.swift in Sources */,
				8F8A676E2A42D16800467936 /* StudyListCell.swift in Sources */,
				8F8A673B2A39766300467936 /* UserViewModel.swift in Sources */,
				8FE516A32A4973280059D720 /* MemberIntroductionView.swift in Sources */,
				8F8A672F2A39763400467936 /* Rank.swift in Sources */,
				8FF418A72A4D7E650090FA34 /* ApplicationViewModel.swift in Sources */,
				8F8A67372A39765700467936 /* StudyViewModel.swift in Sources */,
				8F8CA84B2A4D0CAD002E8D15 /* Font+Pretendard.swift in Sources */,
				5CFBC2FE2A5969B40021B6EC /* ClippyStudyCell.swift in Sources */,
				8F8A67412A39767B00467936 /* Date+Conversion.swift in Sources */,
				8FF09EDF2A569B6900630F19 /* HStakTeamMemberView.swift in Sources */,
				8FF09EED2A5934EC00630F19 /* View+hideKeyboard.swift in Sources */,
				8FE5169B2A492EAF0059D720 /* Language.swift in Sources */,
				8FF2796E2A5BF500003B325F /* StudyService.swift in Sources */,
				8F4125572A55029E005B5A1E /* NaviBackButton.swift in Sources */,
				8F8A67332A39764300467936 /* TempHomeView.swift in Sources */,
				8F8A67312A39763800467936 /* User.swift in Sources */,
				8F8A671A2A39755E00467936 /* MogongApp.swift in Sources */,
				8F7D0C112A52A76C0073457A /* SettingView.swift in Sources */,
				8FF2796C2A5BF4DB003B325F /* UserService.swift in Sources */,
				8FE516A12A4969DA0059D720 /* StudyDetailView.swift in Sources */,
				8F8A67432A39768700467936 /* UserView.swift in Sources */,
				8F8CA8592A4D5D65002E8D15 /* MyStudyDetailView.swift in Sources */,
			);
			runOnlyForDeploymentPostprocessing = 0;
		};
/* End PBXSourcesBuildPhase section */

/* Begin XCBuildConfiguration section */
		8F8A67222A39756000467936 /* Debug */ = {
			isa = XCBuildConfiguration;
			buildSettings = {
				ALWAYS_SEARCH_USER_PATHS = NO;
				CLANG_ANALYZER_NONNULL = YES;
				CLANG_ANALYZER_NUMBER_OBJECT_CONVERSION = YES_AGGRESSIVE;
				CLANG_CXX_LANGUAGE_STANDARD = "gnu++20";
				CLANG_ENABLE_MODULES = YES;
				CLANG_ENABLE_OBJC_ARC = YES;
				CLANG_ENABLE_OBJC_WEAK = YES;
				CLANG_WARN_BLOCK_CAPTURE_AUTORELEASING = YES;
				CLANG_WARN_BOOL_CONVERSION = YES;
				CLANG_WARN_COMMA = YES;
				CLANG_WARN_CONSTANT_CONVERSION = YES;
				CLANG_WARN_DEPRECATED_OBJC_IMPLEMENTATIONS = YES;
				CLANG_WARN_DIRECT_OBJC_ISA_USAGE = YES_ERROR;
				CLANG_WARN_DOCUMENTATION_COMMENTS = YES;
				CLANG_WARN_EMPTY_BODY = YES;
				CLANG_WARN_ENUM_CONVERSION = YES;
				CLANG_WARN_INFINITE_RECURSION = YES;
				CLANG_WARN_INT_CONVERSION = YES;
				CLANG_WARN_NON_LITERAL_NULL_CONVERSION = YES;
				CLANG_WARN_OBJC_IMPLICIT_RETAIN_SELF = YES;
				CLANG_WARN_OBJC_LITERAL_CONVERSION = YES;
				CLANG_WARN_OBJC_ROOT_CLASS = YES_ERROR;
				CLANG_WARN_QUOTED_INCLUDE_IN_FRAMEWORK_HEADER = YES;
				CLANG_WARN_RANGE_LOOP_ANALYSIS = YES;
				CLANG_WARN_STRICT_PROTOTYPES = YES;
				CLANG_WARN_SUSPICIOUS_MOVE = YES;
				CLANG_WARN_UNGUARDED_AVAILABILITY = YES_AGGRESSIVE;
				CLANG_WARN_UNREACHABLE_CODE = YES;
				CLANG_WARN__DUPLICATE_METHOD_MATCH = YES;
				COPY_PHASE_STRIP = NO;
				DEBUG_INFORMATION_FORMAT = dwarf;
				ENABLE_STRICT_OBJC_MSGSEND = YES;
				ENABLE_TESTABILITY = YES;
				GCC_C_LANGUAGE_STANDARD = gnu11;
				GCC_DYNAMIC_NO_PIC = NO;
				GCC_NO_COMMON_BLOCKS = YES;
				GCC_OPTIMIZATION_LEVEL = 0;
				GCC_PREPROCESSOR_DEFINITIONS = (
					"DEBUG=1",
					"$(inherited)",
				);
				GCC_WARN_64_TO_32_BIT_CONVERSION = YES;
				GCC_WARN_ABOUT_RETURN_TYPE = YES_ERROR;
				GCC_WARN_UNDECLARED_SELECTOR = YES;
				GCC_WARN_UNINITIALIZED_AUTOS = YES_AGGRESSIVE;
				GCC_WARN_UNUSED_FUNCTION = YES;
				GCC_WARN_UNUSED_VARIABLE = YES;
				IPHONEOS_DEPLOYMENT_TARGET = 15.0;
				MTL_ENABLE_DEBUG_INFO = INCLUDE_SOURCE;
				MTL_FAST_MATH = YES;
				ONLY_ACTIVE_ARCH = YES;
				SDKROOT = iphoneos;
				SWIFT_ACTIVE_COMPILATION_CONDITIONS = DEBUG;
				SWIFT_OPTIMIZATION_LEVEL = "-Onone";
			};
			name = Debug;
		};
		8F8A67232A39756000467936 /* Release */ = {
			isa = XCBuildConfiguration;
			buildSettings = {
				ALWAYS_SEARCH_USER_PATHS = NO;
				CLANG_ANALYZER_NONNULL = YES;
				CLANG_ANALYZER_NUMBER_OBJECT_CONVERSION = YES_AGGRESSIVE;
				CLANG_CXX_LANGUAGE_STANDARD = "gnu++20";
				CLANG_ENABLE_MODULES = YES;
				CLANG_ENABLE_OBJC_ARC = YES;
				CLANG_ENABLE_OBJC_WEAK = YES;
				CLANG_WARN_BLOCK_CAPTURE_AUTORELEASING = YES;
				CLANG_WARN_BOOL_CONVERSION = YES;
				CLANG_WARN_COMMA = YES;
				CLANG_WARN_CONSTANT_CONVERSION = YES;
				CLANG_WARN_DEPRECATED_OBJC_IMPLEMENTATIONS = YES;
				CLANG_WARN_DIRECT_OBJC_ISA_USAGE = YES_ERROR;
				CLANG_WARN_DOCUMENTATION_COMMENTS = YES;
				CLANG_WARN_EMPTY_BODY = YES;
				CLANG_WARN_ENUM_CONVERSION = YES;
				CLANG_WARN_INFINITE_RECURSION = YES;
				CLANG_WARN_INT_CONVERSION = YES;
				CLANG_WARN_NON_LITERAL_NULL_CONVERSION = YES;
				CLANG_WARN_OBJC_IMPLICIT_RETAIN_SELF = YES;
				CLANG_WARN_OBJC_LITERAL_CONVERSION = YES;
				CLANG_WARN_OBJC_ROOT_CLASS = YES_ERROR;
				CLANG_WARN_QUOTED_INCLUDE_IN_FRAMEWORK_HEADER = YES;
				CLANG_WARN_RANGE_LOOP_ANALYSIS = YES;
				CLANG_WARN_STRICT_PROTOTYPES = YES;
				CLANG_WARN_SUSPICIOUS_MOVE = YES;
				CLANG_WARN_UNGUARDED_AVAILABILITY = YES_AGGRESSIVE;
				CLANG_WARN_UNREACHABLE_CODE = YES;
				CLANG_WARN__DUPLICATE_METHOD_MATCH = YES;
				COPY_PHASE_STRIP = NO;
				DEBUG_INFORMATION_FORMAT = "dwarf-with-dsym";
				ENABLE_NS_ASSERTIONS = NO;
				ENABLE_STRICT_OBJC_MSGSEND = YES;
				GCC_C_LANGUAGE_STANDARD = gnu11;
				GCC_NO_COMMON_BLOCKS = YES;
				GCC_WARN_64_TO_32_BIT_CONVERSION = YES;
				GCC_WARN_ABOUT_RETURN_TYPE = YES_ERROR;
				GCC_WARN_UNDECLARED_SELECTOR = YES;
				GCC_WARN_UNINITIALIZED_AUTOS = YES_AGGRESSIVE;
				GCC_WARN_UNUSED_FUNCTION = YES;
				GCC_WARN_UNUSED_VARIABLE = YES;
				IPHONEOS_DEPLOYMENT_TARGET = 15.0;
				MTL_ENABLE_DEBUG_INFO = NO;
				MTL_FAST_MATH = YES;
				SDKROOT = iphoneos;
				SWIFT_COMPILATION_MODE = wholemodule;
				SWIFT_OPTIMIZATION_LEVEL = "-O";
				VALIDATE_PRODUCT = YES;
			};
			name = Release;
		};
		8F8A67252A39756000467936 /* Debug */ = {
			isa = XCBuildConfiguration;
			baseConfigurationReference = 8C495DE2ED845CC16581FE5B /* Pods-Mogong.debug.xcconfig */;
			buildSettings = {
				ASSETCATALOG_COMPILER_APPICON_NAME = AppIcon;
				ASSETCATALOG_COMPILER_GLOBAL_ACCENT_COLOR_NAME = AccentColor;
				CODE_SIGN_ENTITLEMENTS = Mogong/Mogong.entitlements;
				CODE_SIGN_STYLE = Automatic;
				CURRENT_PROJECT_VERSION = 1;
				DEVELOPMENT_ASSET_PATHS = "\"Mogong/Supporting Files/Preview Content\"";
				DEVELOPMENT_TEAM = DM3CXND59Y;
				ENABLE_PREVIEWS = YES;
				GENERATE_INFOPLIST_FILE = YES;
				INFOPLIST_FILE = "Mogong/Supporting Files/Info.plist";
				INFOPLIST_KEY_UIApplicationSceneManifest_Generation = YES;
				INFOPLIST_KEY_UIApplicationSupportsIndirectInputEvents = YES;
				INFOPLIST_KEY_UILaunchScreen_Generation = YES;
				INFOPLIST_KEY_UISupportedInterfaceOrientations_iPad = "UIInterfaceOrientationPortrait UIInterfaceOrientationPortraitUpsideDown UIInterfaceOrientationLandscapeLeft UIInterfaceOrientationLandscapeRight";
				INFOPLIST_KEY_UISupportedInterfaceOrientations_iPhone = "UIInterfaceOrientationPortrait UIInterfaceOrientationLandscapeLeft UIInterfaceOrientationLandscapeRight";
				IPHONEOS_DEPLOYMENT_TARGET = 16.0;
				LD_RUNPATH_SEARCH_PATHS = (
					"$(inherited)",
					"@executable_path/Frameworks",
				);
				MARKETING_VERSION = 1.0;
				PRODUCT_BUNDLE_IDENTIFIER = com.mogong.Mogong;
				PRODUCT_NAME = "$(TARGET_NAME)";
				SWIFT_EMIT_LOC_STRINGS = YES;
				SWIFT_VERSION = 5.0;
				TARGETED_DEVICE_FAMILY = "1,2";
			};
			name = Debug;
		};
		8F8A67262A39756000467936 /* Release */ = {
			isa = XCBuildConfiguration;
			baseConfigurationReference = D667EF6094CA2926C5A20B00 /* Pods-Mogong.release.xcconfig */;
			buildSettings = {
				ASSETCATALOG_COMPILER_APPICON_NAME = AppIcon;
				ASSETCATALOG_COMPILER_GLOBAL_ACCENT_COLOR_NAME = AccentColor;
				CODE_SIGN_ENTITLEMENTS = Mogong/Mogong.entitlements;
				CODE_SIGN_STYLE = Automatic;
				CURRENT_PROJECT_VERSION = 1;
				DEVELOPMENT_ASSET_PATHS = "\"Mogong/Supporting Files/Preview Content\"";
				DEVELOPMENT_TEAM = 89BLGRU39K;
				ENABLE_PREVIEWS = YES;
				GENERATE_INFOPLIST_FILE = YES;
				INFOPLIST_FILE = "Mogong/Supporting Files/Info.plist";
				INFOPLIST_KEY_UIApplicationSceneManifest_Generation = YES;
				INFOPLIST_KEY_UIApplicationSupportsIndirectInputEvents = YES;
				INFOPLIST_KEY_UILaunchScreen_Generation = YES;
				INFOPLIST_KEY_UISupportedInterfaceOrientations_iPad = "UIInterfaceOrientationPortrait UIInterfaceOrientationPortraitUpsideDown UIInterfaceOrientationLandscapeLeft UIInterfaceOrientationLandscapeRight";
				INFOPLIST_KEY_UISupportedInterfaceOrientations_iPhone = "UIInterfaceOrientationPortrait UIInterfaceOrientationLandscapeLeft UIInterfaceOrientationLandscapeRight";
				IPHONEOS_DEPLOYMENT_TARGET = 16.0;
				LD_RUNPATH_SEARCH_PATHS = (
					"$(inherited)",
					"@executable_path/Frameworks",
				);
				MARKETING_VERSION = 1.0;
				PRODUCT_BUNDLE_IDENTIFIER = com.mogong.Mogong;
				PRODUCT_NAME = "$(TARGET_NAME)";
				SWIFT_EMIT_LOC_STRINGS = YES;
				SWIFT_VERSION = 5.0;
				TARGETED_DEVICE_FAMILY = "1,2";
			};
			name = Release;
		};
/* End XCBuildConfiguration section */

/* Begin XCConfigurationList section */
		8F8A67112A39755E00467936 /* Build configuration list for PBXProject "Mogong" */ = {
			isa = XCConfigurationList;
			buildConfigurations = (
				8F8A67222A39756000467936 /* Debug */,
				8F8A67232A39756000467936 /* Release */,
			);
			defaultConfigurationIsVisible = 0;
			defaultConfigurationName = Release;
		};
		8F8A67242A39756000467936 /* Build configuration list for PBXNativeTarget "Mogong" */ = {
			isa = XCConfigurationList;
			buildConfigurations = (
				8F8A67252A39756000467936 /* Debug */,
				8F8A67262A39756000467936 /* Release */,
			);
			defaultConfigurationIsVisible = 0;
			defaultConfigurationName = Release;
		};
/* End XCConfigurationList section */
	};
	rootObject = 8F8A670E2A39755E00467936 /* Project object */;
}
